// !$*UTF8*$!
{
	archiveVersion = 1;
	classes = {
	};
	objectVersion = 63;
	objects = {

/* Begin PBXBuildFile section */
		9705CAB82E7DBC0300AE7F79 /* FNFAB.swift in Sources */ = {isa = PBXBuildFile; fileRef = 9705CAB72E7DBC0300AE7F79 /* FNFAB.swift */; };
		9705CAC02E7DCC1800AE7F79 /* ImageDetectionView.swift in Sources */ = {isa = PBXBuildFile; fileRef = 9705CABF2E7DCC1800AE7F79 /* ImageDetectionView.swift */; };
		9705CAC52E7DD4CE00AE7F79 /* FirebaseAI in Frameworks */ = {isa = PBXBuildFile; productRef = 9705CAC42E7DD4CE00AE7F79 /* FirebaseAI */; };
		9705CAC72E7DD4DB00AE7F79 /* FirebaseMLModelDownloader in Frameworks */ = {isa = PBXBuildFile; productRef = 9705CAC62E7DD4DB00AE7F79 /* FirebaseMLModelDownloader */; };
		9705CACC2E7DD87F00AE7F79 /* APIName.swift in Sources */ = {isa = PBXBuildFile; fileRef = 9705CACA2E7DD87F00AE7F79 /* APIName.swift */; };
		9719AFC32E79E83300C468D5 /* GenericFRC.swift in Sources */ = {isa = PBXBuildFile; fileRef = 9719AFC22E79E83200C468D5 /* GenericFRC.swift */; };
		972D8B522E733351008E3D47 /* ReviewItemMacroCard.swift in Sources */ = {isa = PBXBuildFile; fileRef = 972D8B512E733351008E3D47 /* ReviewItemMacroCard.swift */; };
		972D8B542E73438D008E3D47 /* DailyGoalsCard.swift in Sources */ = {isa = PBXBuildFile; fileRef = 972D8B532E73438D008E3D47 /* DailyGoalsCard.swift */; };
		972E9E522E70A063009FD7F1 /* ReviewItemViewModel.swift in Sources */ = {isa = PBXBuildFile; fileRef = 972E9E512E70A063009FD7F1 /* ReviewItemViewModel.swift */; };
		972E9E582E70B3BE009FD7F1 /* BarcodeModel.swift in Sources */ = {isa = PBXBuildFile; fileRef = 972E9E572E70B3BE009FD7F1 /* BarcodeModel.swift */; };
		972E9E5A2E70B7B3009FD7F1 /* FNActivityIndicator.swift in Sources */ = {isa = PBXBuildFile; fileRef = 972E9E592E70B7B3009FD7F1 /* FNActivityIndicator.swift */; };
		972E9E5C2E70BD7E009FD7F1 /* FoodCatalogItemModel.swift in Sources */ = {isa = PBXBuildFile; fileRef = 972E9E5B2E70BD7E009FD7F1 /* FoodCatalogItemModel.swift */; };
		972E9E5E2E7170AF009FD7F1 /* GoogleService-Info.plist in Resources */ = {isa = PBXBuildFile; fileRef = 972E9E5D2E7170AF009FD7F1 /* GoogleService-Info.plist */; };
		972E9E612E7170E8009FD7F1 /* AppDelegate.swift in Sources */ = {isa = PBXBuildFile; fileRef = 972E9E5F2E7170E8009FD7F1 /* AppDelegate.swift */; };
		972E9E702E717CAF009FD7F1 /* AppRootManager.swift in Sources */ = {isa = PBXBuildFile; fileRef = 972E9E6F2E717CAF009FD7F1 /* AppRootManager.swift */; };
		972E9E742E717D14009FD7F1 /* LoginView.swift in Sources */ = {isa = PBXBuildFile; fileRef = 972E9E732E717D14009FD7F1 /* LoginView.swift */; };
		972E9E7D2E718E82009FD7F1 /* LoginViewModel.swift in Sources */ = {isa = PBXBuildFile; fileRef = 972E9E7C2E718E82009FD7F1 /* LoginViewModel.swift */; };
		972E9E812E71944C009FD7F1 /* SplashView.swift in Sources */ = {isa = PBXBuildFile; fileRef = 972E9E7F2E71944C009FD7F1 /* SplashView.swift */; };
		972E9E862E719659009FD7F1 /* ProfileSetupView.swift in Sources */ = {isa = PBXBuildFile; fileRef = 972E9E852E719659009FD7F1 /* ProfileSetupView.swift */; };
		972E9E8A2E719696009FD7F1 /* ProfileSetupViewModel.swift in Sources */ = {isa = PBXBuildFile; fileRef = 972E9E892E719696009FD7F1 /* ProfileSetupViewModel.swift */; };
		972E9E8D2E71A268009FD7F1 /* ProfileFBHelper.swift in Sources */ = {isa = PBXBuildFile; fileRef = 972E9E8C2E71A268009FD7F1 /* ProfileFBHelper.swift */; };
		972E9E952E71A344009FD7F1 /* FirebaseKey.swift in Sources */ = {isa = PBXBuildFile; fileRef = 972E9E932E71A344009FD7F1 /* FirebaseKey.swift */; };
		972E9E972E71A35D009FD7F1 /* String+Extension.swift in Sources */ = {isa = PBXBuildFile; fileRef = 972E9E962E71A35D009FD7F1 /* String+Extension.swift */; };
		972E9E9A2E71A434009FD7F1 /* DispatchQueue+Extension.swift in Sources */ = {isa = PBXBuildFile; fileRef = 972E9E992E71A434009FD7F1 /* DispatchQueue+Extension.swift */; };
		972E9E9B2E71A434009FD7F1 /* Codable+Extension.swift in Sources */ = {isa = PBXBuildFile; fileRef = 972E9E982E71A434009FD7F1 /* Codable+Extension.swift */; };
		972E9E9D2E71E26C009FD7F1 /* FoodCatalogFBHelper.swift in Sources */ = {isa = PBXBuildFile; fileRef = 972E9E9C2E71E26C009FD7F1 /* FoodCatalogFBHelper.swift */; };
		972E9E9F2E71E6B1009FD7F1 /* FoodCatalogManager.swift in Sources */ = {isa = PBXBuildFile; fileRef = 972E9E9E2E71E6B1009FD7F1 /* FoodCatalogManager.swift */; };
		972E9EA32E720B27009FD7F1 /* UserDefaultManager.swift in Sources */ = {isa = PBXBuildFile; fileRef = 972E9EA22E720B27009FD7F1 /* UserDefaultManager.swift */; };
		9739C1122E841C3C005005FE /* FoodAIClassifier.mlpackage in Sources */ = {isa = PBXBuildFile; fileRef = 9739C1112E841C3B005005FE /* FoodAIClassifier.mlpackage */; };
		9741B6F32E7548BA0092763D /* LogMealView.swift in Sources */ = {isa = PBXBuildFile; fileRef = 9741B6F22E7548BA0092763D /* LogMealView.swift */; };
		9741B6F62E7570B10092763D /* LogMealMacroView.swift in Sources */ = {isa = PBXBuildFile; fileRef = 9741B6F52E7570B10092763D /* LogMealMacroView.swift */; };
		9741B6F82E7584580092763D /* MealTypeView.swift in Sources */ = {isa = PBXBuildFile; fileRef = 9741B6F72E7584580092763D /* MealTypeView.swift */; };
		9741B6FA2E7598720092763D /* FNNavigationButton.swift in Sources */ = {isa = PBXBuildFile; fileRef = 9741B6F92E7598720092763D /* FNNavigationButton.swift */; };
		9741B6FE2E75AD920092763D /* AddFoodItemView.swift in Sources */ = {isa = PBXBuildFile; fileRef = 9741B6FD2E75AD920092763D /* AddFoodItemView.swift */; };
		974AFC382E660FEC003302BB /* RootTabViewModel.swift in Sources */ = {isa = PBXBuildFile; fileRef = 974AFC372E660FEC003302BB /* RootTabViewModel.swift */; };
		9751F4FB2E7FD864001681DE /* FoodDetectorManager.swift in Sources */ = {isa = PBXBuildFile; fileRef = 9751F4FA2E7FD864001681DE /* FoodDetectorManager.swift */; };
		9751F4FD2E7FD8DC001681DE /* FoodDetectorFBManager.swift in Sources */ = {isa = PBXBuildFile; fileRef = 9751F4FC2E7FD8DC001681DE /* FoodDetectorFBManager.swift */; };
		9751F5012E7FDBDC001681DE /* ImageDetectionViewModel.swift in Sources */ = {isa = PBXBuildFile; fileRef = 9751F5002E7FDBDC001681DE /* ImageDetectionViewModel.swift */; };
		9751F5032E7FE348001681DE /* AIFoodItemModel.swift in Sources */ = {isa = PBXBuildFile; fileRef = 9751F5022E7FE348001681DE /* AIFoodItemModel.swift */; };
		9751F5082E80416C001681DE /* ReviewDetectedItemView.swift in Sources */ = {isa = PBXBuildFile; fileRef = 9751F5072E80416C001681DE /* ReviewDetectedItemView.swift */; };
		9751F50B2E804C0F001681DE /* DetectedItemRowView.swift in Sources */ = {isa = PBXBuildFile; fileRef = 9751F50A2E804C0F001681DE /* DetectedItemRowView.swift */; };
		9751F50E2E8072AE001681DE /* ReviewDetectedItemViewModel.swift in Sources */ = {isa = PBXBuildFile; fileRef = 9751F50D2E8072AE001681DE /* ReviewDetectedItemViewModel.swift */; };
		9751F5102E8078F5001681DE /* DetectedItemRowViewModel.swift in Sources */ = {isa = PBXBuildFile; fileRef = 9751F50F2E8078F5001681DE /* DetectedItemRowViewModel.swift */; };
		975D87182E7D567800265F5C /* Router.swift in Sources */ = {isa = PBXBuildFile; fileRef = 975D87172E7D567800265F5C /* Router.swift */; };
		975D871B2E7D57AE00265F5C /* Router+Home.swift in Sources */ = {isa = PBXBuildFile; fileRef = 975D871A2E7D57AE00265F5C /* Router+Home.swift */; };
		976174602E73013900A7C676 /* FirebaseAuth in Frameworks */ = {isa = PBXBuildFile; productRef = 9761745F2E73013900A7C676 /* FirebaseAuth */; };
		976174622E73013900A7C676 /* FirebaseCore in Frameworks */ = {isa = PBXBuildFile; productRef = 976174612E73013900A7C676 /* FirebaseCore */; };
		976174642E73013900A7C676 /* FirebaseDatabase in Frameworks */ = {isa = PBXBuildFile; productRef = 976174632E73013900A7C676 /* FirebaseDatabase */; };
		976174662E73013900A7C676 /* FirebaseFirestore in Frameworks */ = {isa = PBXBuildFile; productRef = 976174652E73013900A7C676 /* FirebaseFirestore */; };
		976174692E73014E00A7C676 /* GoogleSignIn in Frameworks */ = {isa = PBXBuildFile; productRef = 976174682E73014E00A7C676 /* GoogleSignIn */; };
		977356952E631982007ED640 /* ProfileModel.swift in Sources */ = {isa = PBXBuildFile; fileRef = 977356942E631982007ED640 /* ProfileModel.swift */; };
		977356982E6334DD007ED640 /* Double+Extension.swift in Sources */ = {isa = PBXBuildFile; fileRef = 977356972E6334D8007ED640 /* Double+Extension.swift */; };
		9773569B2E634C3E007ED640 /* OnFirstAppearViewModifier.swift in Sources */ = {isa = PBXBuildFile; fileRef = 9773569A2E634C3E007ED640 /* OnFirstAppearViewModifier.swift */; };
		9773569D2E635552007ED640 /* DailyActivityManager.swift in Sources */ = {isa = PBXBuildFile; fileRef = 9773569C2E635552007ED640 /* DailyActivityManager.swift */; };
		9773569F2E63620E007ED640 /* DailyActivityModel.swift in Sources */ = {isa = PBXBuildFile; fileRef = 9773569E2E63620E007ED640 /* DailyActivityModel.swift */; };
		977356A12E636359007ED640 /* MealModel.swift in Sources */ = {isa = PBXBuildFile; fileRef = 977356A02E636359007ED640 /* MealModel.swift */; };
		977356A32E63649C007ED640 /* WorkoutModel.swift in Sources */ = {isa = PBXBuildFile; fileRef = 977356A22E636498007ED640 /* WorkoutModel.swift */; };
		977356A52E6364E6007ED640 /* FoodItemModel.swift in Sources */ = {isa = PBXBuildFile; fileRef = 977356A42E6364E3007ED640 /* FoodItemModel.swift */; };
		977356A72E63654F007ED640 /* WorkoutSetModel.swift in Sources */ = {isa = PBXBuildFile; fileRef = 977356A62E63654A007ED640 /* WorkoutSetModel.swift */; };
		9778FCE32E6B07CE00A3EF0C /* BarcodeView.swift in Sources */ = {isa = PBXBuildFile; fileRef = 9778FCE22E6B07CE00A3EF0C /* BarcodeView.swift */; };
		977F2A802E8963C2005F0AB5 /* SelectMealTypeBottomSheet.swift in Sources */ = {isa = PBXBuildFile; fileRef = 977F2A7F2E8963C2005F0AB5 /* SelectMealTypeBottomSheet.swift */; };
		9780BD782E63024D005227E4 /* BaseManagerDelegate.swift in Sources */ = {isa = PBXBuildFile; fileRef = 9780BD772E63024D005227E4 /* BaseManagerDelegate.swift */; };
		9780BD7A2E630545005227E4 /* ProfileManager.swift in Sources */ = {isa = PBXBuildFile; fileRef = 9780BD792E630545005227E4 /* ProfileManager.swift */; };
		978CD81A2E8849070034A3C0 /* PictureSelectorView.swift in Sources */ = {isa = PBXBuildFile; fileRef = 978CD8192E8849070034A3C0 /* PictureSelectorView.swift */; };
		978CD81D2E8865CB0034A3C0 /* FNPhotoPickerView.swift in Sources */ = {isa = PBXBuildFile; fileRef = 978CD81B2E8865CB0034A3C0 /* FNPhotoPickerView.swift */; };
		979C16D12E6468E100322BB8 /* MealManager.swift in Sources */ = {isa = PBXBuildFile; fileRef = 979C16D02E6468E100322BB8 /* MealManager.swift */; };
		979C16D32E64803600322BB8 /* WorkoutManager.swift in Sources */ = {isa = PBXBuildFile; fileRef = 979C16D22E64802E00322BB8 /* WorkoutManager.swift */; };
		979C16D82E648F1D00322BB8 /* LogWaterView.swift in Sources */ = {isa = PBXBuildFile; fileRef = 979C16D72E648F1D00322BB8 /* LogWaterView.swift */; };
		97BF11552E5A33BF005FBA95 /* Preview Assets.xcassets in Resources */ = {isa = PBXBuildFile; fileRef = 97BF114C2E5A33BF005FBA95 /* Preview Assets.xcassets */; };
		97BF11562E5A33BF005FBA95 /* Assets.xcassets in Resources */ = {isa = PBXBuildFile; fileRef = 97BF114E2E5A33BF005FBA95 /* Assets.xcassets */; };
		97BF11582E5A33BF005FBA95 /* FitNutCoach.xcdatamodeld in Sources */ = {isa = PBXBuildFile; fileRef = 97BF11502E5A33BF005FBA95 /* FitNutCoach.xcdatamodeld */; };
		97BF11592E5A33BF005FBA95 /* FitNutCoachApp.swift in Sources */ = {isa = PBXBuildFile; fileRef = 97BF11512E5A33BF005FBA95 /* FitNutCoachApp.swift */; };
		97BF115D2E5A33C3005FBA95 /* FitNutCoachTests.swift in Sources */ = {isa = PBXBuildFile; fileRef = 97BF115B2E5A33C3005FBA95 /* FitNutCoachTests.swift */; };
		97BF11612E5A33C6005FBA95 /* FitNutCoachUITests.swift in Sources */ = {isa = PBXBuildFile; fileRef = 97BF115E2E5A33C6005FBA95 /* FitNutCoachUITests.swift */; };
		97BF11622E5A33C6005FBA95 /* FitNutCoachUITestsLaunchTests.swift in Sources */ = {isa = PBXBuildFile; fileRef = 97BF115F2E5A33C6005FBA95 /* FitNutCoachUITestsLaunchTests.swift */; };
		97BF11662E5A3496005FBA95 /* PersistenceController.swift in Sources */ = {isa = PBXBuildFile; fileRef = 97BF11652E5A3491005FBA95 /* PersistenceController.swift */; };
		97BF11712E5A35A8005FBA95 /* RootTabView.swift in Sources */ = {isa = PBXBuildFile; fileRef = 97BF11702E5A35A8005FBA95 /* RootTabView.swift */; };
		97BF11732E5A35D4005FBA95 /* AppSpacing.swift in Sources */ = {isa = PBXBuildFile; fileRef = 97BF11722E5A35D4005FBA95 /* AppSpacing.swift */; };
		97BF11752E5A3691005FBA95 /* AppEnvironment.swift in Sources */ = {isa = PBXBuildFile; fileRef = 97BF11742E5A3691005FBA95 /* AppEnvironment.swift */; };
		97BF117E2E5AB055005FBA95 /* HomeView.swift in Sources */ = {isa = PBXBuildFile; fileRef = 97BF117C2E5AB055005FBA95 /* HomeView.swift */; };
		97BF118C2E5AB106005FBA95 /* WorkoutsView.swift in Sources */ = {isa = PBXBuildFile; fileRef = 97BF118B2E5AB106005FBA95 /* WorkoutsView.swift */; };
		97BF118F2E5AB126005FBA95 /* RecipesView.swift in Sources */ = {isa = PBXBuildFile; fileRef = 97BF118E2E5AB126005FBA95 /* RecipesView.swift */; };
		97BF11912E5AB131005FBA95 /* TrendsView.swift in Sources */ = {isa = PBXBuildFile; fileRef = 97BF11902E5AB131005FBA95 /* TrendsView.swift */; };
		97BF11932E5AB140005FBA95 /* ProfileView.swift in Sources */ = {isa = PBXBuildFile; fileRef = 97BF11922E5AB140005FBA95 /* ProfileView.swift */; };
		97BF11982E5AB9D5005FBA95 /* HomeViewModel.swift in Sources */ = {isa = PBXBuildFile; fileRef = 97BF11972E5AB9D5005FBA95 /* HomeViewModel.swift */; };
		97BF119B2E5ABA38005FBA95 /* AppTexts.swift in Sources */ = {isa = PBXBuildFile; fileRef = 97BF119A2E5ABA38005FBA95 /* AppTexts.swift */; };
		97BF119D2E5ADBF5005FBA95 /* ProgressRing.swift in Sources */ = {isa = PBXBuildFile; fileRef = 97BF119C2E5ADBF5005FBA95 /* ProgressRing.swift */; };
		97BF119F2E5AE421005FBA95 /* ProgressRingsView.swift in Sources */ = {isa = PBXBuildFile; fileRef = 97BF119E2E5AE421005FBA95 /* ProgressRingsView.swift */; };
		97BF11A32E5AE45F005FBA95 /* ProgressRingCellView.swift in Sources */ = {isa = PBXBuildFile; fileRef = 97BF11A22E5AE45F005FBA95 /* ProgressRingCellView.swift */; };
		97BF11A62E5AE87F005FBA95 /* AppColors.swift in Sources */ = {isa = PBXBuildFile; fileRef = 97BF11A52E5AE87F005FBA95 /* AppColors.swift */; };
		97BF11AA2E5AEE83005FBA95 /* FNButton.swift in Sources */ = {isa = PBXBuildFile; fileRef = 97BF11A92E5AEE83005FBA95 /* FNButton.swift */; };
		97BF11AE2E5B140E005FBA95 /* NutritionSnapshotView.swift in Sources */ = {isa = PBXBuildFile; fileRef = 97BF11AD2E5B140E005FBA95 /* NutritionSnapshotView.swift */; };
		97BF11B22E5B30A6005FBA95 /* QuickRecipesView.swift in Sources */ = {isa = PBXBuildFile; fileRef = 97BF11B12E5B30A6005FBA95 /* QuickRecipesView.swift */; };
		97C44E0E2E6C797E00FC0757 /* CustomBackButtonModifier.swift in Sources */ = {isa = PBXBuildFile; fileRef = 97C44E0D2E6C797E00FC0757 /* CustomBackButtonModifier.swift */; };
		97D780B52E76C155004BA2AA /* Date+Extension.swift in Sources */ = {isa = PBXBuildFile; fileRef = 97D780B42E76C151004BA2AA /* Date+Extension.swift */; };
		97D780B82E76C91E004BA2AA /* LogMealViewModel.swift in Sources */ = {isa = PBXBuildFile; fileRef = 97D780B72E76C91E004BA2AA /* LogMealViewModel.swift */; };
		97D780BB2E76CB6E004BA2AA /* AddFoodItemViewModel.swift in Sources */ = {isa = PBXBuildFile; fileRef = 97D780BA2E76CB6E004BA2AA /* AddFoodItemViewModel.swift */; };
		97D780BE2E76EAD6004BA2AA /* BarcodeSnapView.swift in Sources */ = {isa = PBXBuildFile; fileRef = 97D780BD2E76EAD6004BA2AA /* BarcodeSnapView.swift */; };
		97D780C02E76EF3E004BA2AA /* FoodItemView.swift in Sources */ = {isa = PBXBuildFile; fileRef = 97D780BF2E76EF3D004BA2AA /* FoodItemView.swift */; };
		97D780C22E772BA5004BA2AA /* AddFoodSectionHeaderView.swift in Sources */ = {isa = PBXBuildFile; fileRef = 97D780C12E772BA5004BA2AA /* AddFoodSectionHeaderView.swift */; };
		97D9A8572E6CA5E2008C5725 /* BarcodeScannerView.swift in Sources */ = {isa = PBXBuildFile; fileRef = 97D9A8562E6CA5E2008C5725 /* BarcodeScannerView.swift */; };
		97E4E5A92E7C757800A099FB /* ImageFileCache.swift in Sources */ = {isa = PBXBuildFile; fileRef = 97E4E5A82E7C757800A099FB /* ImageFileCache.swift */; };
		97E4E5AB2E7C759300A099FB /* FNCachedAsyncImage.swift in Sources */ = {isa = PBXBuildFile; fileRef = 97E4E5AA2E7C759300A099FB /* FNCachedAsyncImage.swift */; };
		97E4E5AE2E7C8F5B00A099FB /* SearchResultView.swift in Sources */ = {isa = PBXBuildFile; fileRef = 97E4E5AD2E7C8F5B00A099FB /* SearchResultView.swift */; };
		97ED16452E6DBF3100DFF623 /* BarcodeViewModel.swift in Sources */ = {isa = PBXBuildFile; fileRef = 97ED16442E6DBF3100DFF623 /* BarcodeViewModel.swift */; };
		97ED16472E6DE3F400DFF623 /* BarcodeManualEntryView.swift in Sources */ = {isa = PBXBuildFile; fileRef = 97ED16462E6DE3F400DFF623 /* BarcodeManualEntryView.swift */; };
		97ED16492E6DE61100DFF623 /* FNTextField.swift in Sources */ = {isa = PBXBuildFile; fileRef = 97ED16482E6DE61100DFF623 /* FNTextField.swift */; };
		97ED164D2E6DF51500DFF623 /* ReviewItemView.swift in Sources */ = {isa = PBXBuildFile; fileRef = 97ED164C2E6DF51500DFF623 /* ReviewItemView.swift */; };
		97ED164F2E6DF6D400DFF623 /* URLSessionManager.swift in Sources */ = {isa = PBXBuildFile; fileRef = 97ED164E2E6DF6D400DFF623 /* URLSessionManager.swift */; };
		97FD3D162E78800A0068BE69 /* FNStepper.swift in Sources */ = {isa = PBXBuildFile; fileRef = 97FD3D152E78800A0068BE69 /* FNStepper.swift */; };
		97FD3D182E7881040068BE69 /* FNKeyValueView.swift in Sources */ = {isa = PBXBuildFile; fileRef = 97FD3D172E7881040068BE69 /* FNKeyValueView.swift */; };
		97FD3D1A2E789F180068BE69 /* FoodHistoryManager.swift in Sources */ = {isa = PBXBuildFile; fileRef = 97FD3D192E789F150068BE69 /* FoodHistoryManager.swift */; };
/* End PBXBuildFile section */

/* Begin PBXContainerItemProxy section */
		97BF11302E5A3246005FBA95 /* PBXContainerItemProxy */ = {
			isa = PBXContainerItemProxy;
			containerPortal = 97BF11122E5A3244005FBA95 /* Project object */;
			proxyType = 1;
			remoteGlobalIDString = 97BF11192E5A3244005FBA95;
			remoteInfo = FitNutCoach;
		};
		97BF113A2E5A3246005FBA95 /* PBXContainerItemProxy */ = {
			isa = PBXContainerItemProxy;
			containerPortal = 97BF11122E5A3244005FBA95 /* Project object */;
			proxyType = 1;
			remoteGlobalIDString = 97BF11192E5A3244005FBA95;
			remoteInfo = FitNutCoach;
		};
/* End PBXContainerItemProxy section */

/* Begin PBXFileReference section */
		9705CAB72E7DBC0300AE7F79 /* FNFAB.swift */ = {isa = PBXFileReference; lastKnownFileType = sourcecode.swift; path = FNFAB.swift; sourceTree = "<group>"; };
		9705CABF2E7DCC1800AE7F79 /* ImageDetectionView.swift */ = {isa = PBXFileReference; lastKnownFileType = sourcecode.swift; path = ImageDetectionView.swift; sourceTree = "<group>"; };
		9705CACA2E7DD87F00AE7F79 /* APIName.swift */ = {isa = PBXFileReference; lastKnownFileType = sourcecode.swift; path = APIName.swift; sourceTree = "<group>"; };
		9719AFC22E79E83200C468D5 /* GenericFRC.swift */ = {isa = PBXFileReference; lastKnownFileType = sourcecode.swift; path = GenericFRC.swift; sourceTree = "<group>"; };
		972D8B512E733351008E3D47 /* ReviewItemMacroCard.swift */ = {isa = PBXFileReference; lastKnownFileType = sourcecode.swift; path = ReviewItemMacroCard.swift; sourceTree = "<group>"; };
		972D8B532E73438D008E3D47 /* DailyGoalsCard.swift */ = {isa = PBXFileReference; lastKnownFileType = sourcecode.swift; path = DailyGoalsCard.swift; sourceTree = "<group>"; };
		972E9E512E70A063009FD7F1 /* ReviewItemViewModel.swift */ = {isa = PBXFileReference; lastKnownFileType = sourcecode.swift; path = ReviewItemViewModel.swift; sourceTree = "<group>"; };
		972E9E572E70B3BE009FD7F1 /* BarcodeModel.swift */ = {isa = PBXFileReference; lastKnownFileType = sourcecode.swift; path = BarcodeModel.swift; sourceTree = "<group>"; };
		972E9E592E70B7B3009FD7F1 /* FNActivityIndicator.swift */ = {isa = PBXFileReference; lastKnownFileType = sourcecode.swift; path = FNActivityIndicator.swift; sourceTree = "<group>"; };
		972E9E5B2E70BD7E009FD7F1 /* FoodCatalogItemModel.swift */ = {isa = PBXFileReference; lastKnownFileType = sourcecode.swift; path = FoodCatalogItemModel.swift; sourceTree = "<group>"; };
		972E9E5D2E7170AF009FD7F1 /* GoogleService-Info.plist */ = {isa = PBXFileReference; lastKnownFileType = text.plist.xml; path = "GoogleService-Info.plist"; sourceTree = "<group>"; };
		972E9E5F2E7170E8009FD7F1 /* AppDelegate.swift */ = {isa = PBXFileReference; lastKnownFileType = sourcecode.swift; path = AppDelegate.swift; sourceTree = "<group>"; };
		972E9E6F2E717CAF009FD7F1 /* AppRootManager.swift */ = {isa = PBXFileReference; lastKnownFileType = sourcecode.swift; path = AppRootManager.swift; sourceTree = "<group>"; };
		972E9E732E717D14009FD7F1 /* LoginView.swift */ = {isa = PBXFileReference; lastKnownFileType = sourcecode.swift; path = LoginView.swift; sourceTree = "<group>"; };
		972E9E7C2E718E82009FD7F1 /* LoginViewModel.swift */ = {isa = PBXFileReference; lastKnownFileType = sourcecode.swift; path = LoginViewModel.swift; sourceTree = "<group>"; };
		972E9E7E2E718F9C009FD7F1 /* Info.plist */ = {isa = PBXFileReference; lastKnownFileType = text.plist; path = Info.plist; sourceTree = "<group>"; };
		972E9E7F2E71944C009FD7F1 /* SplashView.swift */ = {isa = PBXFileReference; lastKnownFileType = sourcecode.swift; path = SplashView.swift; sourceTree = "<group>"; };
		972E9E852E719659009FD7F1 /* ProfileSetupView.swift */ = {isa = PBXFileReference; lastKnownFileType = sourcecode.swift; path = ProfileSetupView.swift; sourceTree = "<group>"; };
		972E9E892E719696009FD7F1 /* ProfileSetupViewModel.swift */ = {isa = PBXFileReference; lastKnownFileType = sourcecode.swift; path = ProfileSetupViewModel.swift; sourceTree = "<group>"; };
		972E9E8C2E71A268009FD7F1 /* ProfileFBHelper.swift */ = {isa = PBXFileReference; lastKnownFileType = sourcecode.swift; path = ProfileFBHelper.swift; sourceTree = "<group>"; };
		972E9E932E71A344009FD7F1 /* FirebaseKey.swift */ = {isa = PBXFileReference; lastKnownFileType = sourcecode.swift; path = FirebaseKey.swift; sourceTree = "<group>"; };
		972E9E962E71A35D009FD7F1 /* String+Extension.swift */ = {isa = PBXFileReference; lastKnownFileType = sourcecode.swift; path = "String+Extension.swift"; sourceTree = "<group>"; };
		972E9E982E71A434009FD7F1 /* Codable+Extension.swift */ = {isa = PBXFileReference; lastKnownFileType = sourcecode.swift; path = "Codable+Extension.swift"; sourceTree = "<group>"; };
		972E9E992E71A434009FD7F1 /* DispatchQueue+Extension.swift */ = {isa = PBXFileReference; lastKnownFileType = sourcecode.swift; path = "DispatchQueue+Extension.swift"; sourceTree = "<group>"; };
		972E9E9C2E71E26C009FD7F1 /* FoodCatalogFBHelper.swift */ = {isa = PBXFileReference; lastKnownFileType = sourcecode.swift; path = FoodCatalogFBHelper.swift; sourceTree = "<group>"; };
		972E9E9E2E71E6B1009FD7F1 /* FoodCatalogManager.swift */ = {isa = PBXFileReference; lastKnownFileType = sourcecode.swift; path = FoodCatalogManager.swift; sourceTree = "<group>"; };
		972E9EA22E720B27009FD7F1 /* UserDefaultManager.swift */ = {isa = PBXFileReference; lastKnownFileType = sourcecode.swift; path = UserDefaultManager.swift; sourceTree = "<group>"; };
		9739C1112E841C3B005005FE /* FoodAIClassifier.mlpackage */ = {isa = PBXFileReference; lastKnownFileType = folder.mlpackage; path = FoodAIClassifier.mlpackage; sourceTree = "<group>"; };
		9741B6F22E7548BA0092763D /* LogMealView.swift */ = {isa = PBXFileReference; lastKnownFileType = sourcecode.swift; path = LogMealView.swift; sourceTree = "<group>"; };
		9741B6F52E7570B10092763D /* LogMealMacroView.swift */ = {isa = PBXFileReference; lastKnownFileType = sourcecode.swift; path = LogMealMacroView.swift; sourceTree = "<group>"; };
		9741B6F72E7584580092763D /* MealTypeView.swift */ = {isa = PBXFileReference; lastKnownFileType = sourcecode.swift; path = MealTypeView.swift; sourceTree = "<group>"; };
		9741B6F92E7598720092763D /* FNNavigationButton.swift */ = {isa = PBXFileReference; lastKnownFileType = sourcecode.swift; path = FNNavigationButton.swift; sourceTree = "<group>"; };
		9741B6FD2E75AD920092763D /* AddFoodItemView.swift */ = {isa = PBXFileReference; lastKnownFileType = sourcecode.swift; path = AddFoodItemView.swift; sourceTree = "<group>"; };
		974AFC372E660FEC003302BB /* RootTabViewModel.swift */ = {isa = PBXFileReference; lastKnownFileType = sourcecode.swift; path = RootTabViewModel.swift; sourceTree = "<group>"; };
		9751F4FA2E7FD864001681DE /* FoodDetectorManager.swift */ = {isa = PBXFileReference; lastKnownFileType = sourcecode.swift; path = FoodDetectorManager.swift; sourceTree = "<group>"; };
		9751F4FC2E7FD8DC001681DE /* FoodDetectorFBManager.swift */ = {isa = PBXFileReference; lastKnownFileType = sourcecode.swift; path = FoodDetectorFBManager.swift; sourceTree = "<group>"; };
		9751F5002E7FDBDC001681DE /* ImageDetectionViewModel.swift */ = {isa = PBXFileReference; lastKnownFileType = sourcecode.swift; path = ImageDetectionViewModel.swift; sourceTree = "<group>"; };
		9751F5022E7FE348001681DE /* AIFoodItemModel.swift */ = {isa = PBXFileReference; lastKnownFileType = sourcecode.swift; path = AIFoodItemModel.swift; sourceTree = "<group>"; };
		9751F5072E80416C001681DE /* ReviewDetectedItemView.swift */ = {isa = PBXFileReference; lastKnownFileType = sourcecode.swift; path = ReviewDetectedItemView.swift; sourceTree = "<group>"; };
		9751F50A2E804C0F001681DE /* DetectedItemRowView.swift */ = {isa = PBXFileReference; lastKnownFileType = sourcecode.swift; path = DetectedItemRowView.swift; sourceTree = "<group>"; };
		9751F50D2E8072AE001681DE /* ReviewDetectedItemViewModel.swift */ = {isa = PBXFileReference; lastKnownFileType = sourcecode.swift; path = ReviewDetectedItemViewModel.swift; sourceTree = "<group>"; };
		9751F50F2E8078F5001681DE /* DetectedItemRowViewModel.swift */ = {isa = PBXFileReference; lastKnownFileType = sourcecode.swift; path = DetectedItemRowViewModel.swift; sourceTree = "<group>"; };
		975D87172E7D567800265F5C /* Router.swift */ = {isa = PBXFileReference; lastKnownFileType = sourcecode.swift; path = Router.swift; sourceTree = "<group>"; };
		975D871A2E7D57AE00265F5C /* Router+Home.swift */ = {isa = PBXFileReference; lastKnownFileType = sourcecode.swift; path = "Router+Home.swift"; sourceTree = "<group>"; };
		977356942E631982007ED640 /* ProfileModel.swift */ = {isa = PBXFileReference; lastKnownFileType = sourcecode.swift; path = ProfileModel.swift; sourceTree = "<group>"; };
		977356972E6334D8007ED640 /* Double+Extension.swift */ = {isa = PBXFileReference; lastKnownFileType = sourcecode.swift; path = "Double+Extension.swift"; sourceTree = "<group>"; };
		9773569A2E634C3E007ED640 /* OnFirstAppearViewModifier.swift */ = {isa = PBXFileReference; lastKnownFileType = sourcecode.swift; path = OnFirstAppearViewModifier.swift; sourceTree = "<group>"; };
		9773569C2E635552007ED640 /* DailyActivityManager.swift */ = {isa = PBXFileReference; lastKnownFileType = sourcecode.swift; path = DailyActivityManager.swift; sourceTree = "<group>"; };
		9773569E2E63620E007ED640 /* DailyActivityModel.swift */ = {isa = PBXFileReference; lastKnownFileType = sourcecode.swift; path = DailyActivityModel.swift; sourceTree = "<group>"; };
		977356A02E636359007ED640 /* MealModel.swift */ = {isa = PBXFileReference; lastKnownFileType = sourcecode.swift; path = MealModel.swift; sourceTree = "<group>"; };
		977356A22E636498007ED640 /* WorkoutModel.swift */ = {isa = PBXFileReference; lastKnownFileType = sourcecode.swift; path = WorkoutModel.swift; sourceTree = "<group>"; };
		977356A42E6364E3007ED640 /* FoodItemModel.swift */ = {isa = PBXFileReference; lastKnownFileType = sourcecode.swift; path = FoodItemModel.swift; sourceTree = "<group>"; };
		977356A62E63654A007ED640 /* WorkoutSetModel.swift */ = {isa = PBXFileReference; lastKnownFileType = sourcecode.swift; path = WorkoutSetModel.swift; sourceTree = "<group>"; };
		9778FCE22E6B07CE00A3EF0C /* BarcodeView.swift */ = {isa = PBXFileReference; lastKnownFileType = sourcecode.swift; path = BarcodeView.swift; sourceTree = "<group>"; };
		977F2A7F2E8963C2005F0AB5 /* SelectMealTypeBottomSheet.swift */ = {isa = PBXFileReference; lastKnownFileType = sourcecode.swift; path = SelectMealTypeBottomSheet.swift; sourceTree = "<group>"; };
		9780BD772E63024D005227E4 /* BaseManagerDelegate.swift */ = {isa = PBXFileReference; lastKnownFileType = sourcecode.swift; path = BaseManagerDelegate.swift; sourceTree = "<group>"; };
		9780BD792E630545005227E4 /* ProfileManager.swift */ = {isa = PBXFileReference; lastKnownFileType = sourcecode.swift; path = ProfileManager.swift; sourceTree = "<group>"; };
		978CD8192E8849070034A3C0 /* PictureSelectorView.swift */ = {isa = PBXFileReference; lastKnownFileType = sourcecode.swift; path = PictureSelectorView.swift; sourceTree = "<group>"; };
		978CD81B2E8865CB0034A3C0 /* FNPhotoPickerView.swift */ = {isa = PBXFileReference; lastKnownFileType = sourcecode.swift; path = FNPhotoPickerView.swift; sourceTree = "<group>"; };
		979C16D02E6468E100322BB8 /* MealManager.swift */ = {isa = PBXFileReference; lastKnownFileType = sourcecode.swift; path = MealManager.swift; sourceTree = "<group>"; };
		979C16D22E64802E00322BB8 /* WorkoutManager.swift */ = {isa = PBXFileReference; lastKnownFileType = sourcecode.swift; path = WorkoutManager.swift; sourceTree = "<group>"; };
		979C16D72E648F1D00322BB8 /* LogWaterView.swift */ = {isa = PBXFileReference; lastKnownFileType = sourcecode.swift; path = LogWaterView.swift; sourceTree = "<group>"; };
		97BF111A2E5A3244005FBA95 /* FitNutCoach.app */ = {isa = PBXFileReference; explicitFileType = wrapper.application; includeInIndex = 0; path = FitNutCoach.app; sourceTree = BUILT_PRODUCTS_DIR; };
		97BF112F2E5A3246005FBA95 /* FitNutCoachTests.xctest */ = {isa = PBXFileReference; explicitFileType = wrapper.cfbundle; includeInIndex = 0; path = FitNutCoachTests.xctest; sourceTree = BUILT_PRODUCTS_DIR; };
		97BF11392E5A3246005FBA95 /* FitNutCoachUITests.xctest */ = {isa = PBXFileReference; explicitFileType = wrapper.cfbundle; includeInIndex = 0; path = FitNutCoachUITests.xctest; sourceTree = BUILT_PRODUCTS_DIR; };
		97BF114C2E5A33BF005FBA95 /* Preview Assets.xcassets */ = {isa = PBXFileReference; lastKnownFileType = folder.assetcatalog; path = "Preview Assets.xcassets"; sourceTree = "<group>"; };
		97BF114E2E5A33BF005FBA95 /* Assets.xcassets */ = {isa = PBXFileReference; lastKnownFileType = folder.assetcatalog; path = Assets.xcassets; sourceTree = "<group>"; };
		97BF11512E5A33BF005FBA95 /* FitNutCoachApp.swift */ = {isa = PBXFileReference; lastKnownFileType = sourcecode.swift; path = FitNutCoachApp.swift; sourceTree = "<group>"; };
		97BF11542E5A33BF005FBA95 /* FitNutCoach.xcdatamodel */ = {isa = PBXFileReference; lastKnownFileType = wrapper.xcdatamodel; path = FitNutCoach.xcdatamodel; sourceTree = "<group>"; };
		97BF115B2E5A33C3005FBA95 /* FitNutCoachTests.swift */ = {isa = PBXFileReference; lastKnownFileType = sourcecode.swift; path = FitNutCoachTests.swift; sourceTree = "<group>"; };
		97BF115E2E5A33C6005FBA95 /* FitNutCoachUITests.swift */ = {isa = PBXFileReference; lastKnownFileType = sourcecode.swift; path = FitNutCoachUITests.swift; sourceTree = "<group>"; };
		97BF115F2E5A33C6005FBA95 /* FitNutCoachUITestsLaunchTests.swift */ = {isa = PBXFileReference; lastKnownFileType = sourcecode.swift; path = FitNutCoachUITestsLaunchTests.swift; sourceTree = "<group>"; };
		97BF11652E5A3491005FBA95 /* PersistenceController.swift */ = {isa = PBXFileReference; lastKnownFileType = sourcecode.swift; path = PersistenceController.swift; sourceTree = "<group>"; };
		97BF11702E5A35A8005FBA95 /* RootTabView.swift */ = {isa = PBXFileReference; lastKnownFileType = sourcecode.swift; path = RootTabView.swift; sourceTree = "<group>"; };
		97BF11722E5A35D4005FBA95 /* AppSpacing.swift */ = {isa = PBXFileReference; lastKnownFileType = sourcecode.swift; path = AppSpacing.swift; sourceTree = "<group>"; };
		97BF11742E5A3691005FBA95 /* AppEnvironment.swift */ = {isa = PBXFileReference; lastKnownFileType = sourcecode.swift; path = AppEnvironment.swift; sourceTree = "<group>"; };
		97BF117C2E5AB055005FBA95 /* HomeView.swift */ = {isa = PBXFileReference; lastKnownFileType = sourcecode.swift; path = HomeView.swift; sourceTree = "<group>"; };
		97BF118B2E5AB106005FBA95 /* WorkoutsView.swift */ = {isa = PBXFileReference; lastKnownFileType = sourcecode.swift; path = WorkoutsView.swift; sourceTree = "<group>"; };
		97BF118E2E5AB126005FBA95 /* RecipesView.swift */ = {isa = PBXFileReference; lastKnownFileType = sourcecode.swift; path = RecipesView.swift; sourceTree = "<group>"; };
		97BF11902E5AB131005FBA95 /* TrendsView.swift */ = {isa = PBXFileReference; lastKnownFileType = sourcecode.swift; path = TrendsView.swift; sourceTree = "<group>"; };
		97BF11922E5AB140005FBA95 /* ProfileView.swift */ = {isa = PBXFileReference; lastKnownFileType = sourcecode.swift; path = ProfileView.swift; sourceTree = "<group>"; };
		97BF11972E5AB9D5005FBA95 /* HomeViewModel.swift */ = {isa = PBXFileReference; lastKnownFileType = sourcecode.swift; path = HomeViewModel.swift; sourceTree = "<group>"; };
		97BF119A2E5ABA38005FBA95 /* AppTexts.swift */ = {isa = PBXFileReference; lastKnownFileType = sourcecode.swift; path = AppTexts.swift; sourceTree = "<group>"; };
		97BF119C2E5ADBF5005FBA95 /* ProgressRing.swift */ = {isa = PBXFileReference; lastKnownFileType = sourcecode.swift; path = ProgressRing.swift; sourceTree = "<group>"; };
		97BF119E2E5AE421005FBA95 /* ProgressRingsView.swift */ = {isa = PBXFileReference; lastKnownFileType = sourcecode.swift; path = ProgressRingsView.swift; sourceTree = "<group>"; };
		97BF11A22E5AE45F005FBA95 /* ProgressRingCellView.swift */ = {isa = PBXFileReference; lastKnownFileType = sourcecode.swift; path = ProgressRingCellView.swift; sourceTree = "<group>"; };
		97BF11A52E5AE87F005FBA95 /* AppColors.swift */ = {isa = PBXFileReference; lastKnownFileType = sourcecode.swift; path = AppColors.swift; sourceTree = "<group>"; };
		97BF11A92E5AEE83005FBA95 /* FNButton.swift */ = {isa = PBXFileReference; lastKnownFileType = sourcecode.swift; path = FNButton.swift; sourceTree = "<group>"; };
		97BF11AD2E5B140E005FBA95 /* NutritionSnapshotView.swift */ = {isa = PBXFileReference; lastKnownFileType = sourcecode.swift; path = NutritionSnapshotView.swift; sourceTree = "<group>"; };
		97BF11B12E5B30A6005FBA95 /* QuickRecipesView.swift */ = {isa = PBXFileReference; lastKnownFileType = sourcecode.swift; path = QuickRecipesView.swift; sourceTree = "<group>"; };
		97C44E0D2E6C797E00FC0757 /* CustomBackButtonModifier.swift */ = {isa = PBXFileReference; lastKnownFileType = sourcecode.swift; path = CustomBackButtonModifier.swift; sourceTree = "<group>"; };
		97D780B42E76C151004BA2AA /* Date+Extension.swift */ = {isa = PBXFileReference; lastKnownFileType = sourcecode.swift; path = "Date+Extension.swift"; sourceTree = "<group>"; };
		97D780B72E76C91E004BA2AA /* LogMealViewModel.swift */ = {isa = PBXFileReference; lastKnownFileType = sourcecode.swift; path = LogMealViewModel.swift; sourceTree = "<group>"; };
		97D780BA2E76CB6E004BA2AA /* AddFoodItemViewModel.swift */ = {isa = PBXFileReference; lastKnownFileType = sourcecode.swift; path = AddFoodItemViewModel.swift; sourceTree = "<group>"; };
		97D780BD2E76EAD6004BA2AA /* BarcodeSnapView.swift */ = {isa = PBXFileReference; lastKnownFileType = sourcecode.swift; path = BarcodeSnapView.swift; sourceTree = "<group>"; };
		97D780BF2E76EF3D004BA2AA /* FoodItemView.swift */ = {isa = PBXFileReference; lastKnownFileType = sourcecode.swift; path = FoodItemView.swift; sourceTree = "<group>"; };
		97D780C12E772BA5004BA2AA /* AddFoodSectionHeaderView.swift */ = {isa = PBXFileReference; lastKnownFileType = sourcecode.swift; path = AddFoodSectionHeaderView.swift; sourceTree = "<group>"; };
		97D9A8562E6CA5E2008C5725 /* BarcodeScannerView.swift */ = {isa = PBXFileReference; lastKnownFileType = sourcecode.swift; path = BarcodeScannerView.swift; sourceTree = "<group>"; };
		97E4E5A82E7C757800A099FB /* ImageFileCache.swift */ = {isa = PBXFileReference; lastKnownFileType = sourcecode.swift; path = ImageFileCache.swift; sourceTree = "<group>"; };
		97E4E5AA2E7C759300A099FB /* FNCachedAsyncImage.swift */ = {isa = PBXFileReference; lastKnownFileType = sourcecode.swift; path = FNCachedAsyncImage.swift; sourceTree = "<group>"; };
		97E4E5AD2E7C8F5B00A099FB /* SearchResultView.swift */ = {isa = PBXFileReference; lastKnownFileType = sourcecode.swift; path = SearchResultView.swift; sourceTree = "<group>"; };
		97ED16442E6DBF3100DFF623 /* BarcodeViewModel.swift */ = {isa = PBXFileReference; lastKnownFileType = sourcecode.swift; path = BarcodeViewModel.swift; sourceTree = "<group>"; };
		97ED16462E6DE3F400DFF623 /* BarcodeManualEntryView.swift */ = {isa = PBXFileReference; lastKnownFileType = sourcecode.swift; path = BarcodeManualEntryView.swift; sourceTree = "<group>"; };
		97ED16482E6DE61100DFF623 /* FNTextField.swift */ = {isa = PBXFileReference; lastKnownFileType = sourcecode.swift; path = FNTextField.swift; sourceTree = "<group>"; };
		97ED164C2E6DF51500DFF623 /* ReviewItemView.swift */ = {isa = PBXFileReference; lastKnownFileType = sourcecode.swift; path = ReviewItemView.swift; sourceTree = "<group>"; };
		97ED164E2E6DF6D400DFF623 /* URLSessionManager.swift */ = {isa = PBXFileReference; lastKnownFileType = sourcecode.swift; path = URLSessionManager.swift; sourceTree = "<group>"; };
		97FD3D152E78800A0068BE69 /* FNStepper.swift */ = {isa = PBXFileReference; lastKnownFileType = sourcecode.swift; path = FNStepper.swift; sourceTree = "<group>"; };
		97FD3D172E7881040068BE69 /* FNKeyValueView.swift */ = {isa = PBXFileReference; lastKnownFileType = sourcecode.swift; path = FNKeyValueView.swift; sourceTree = "<group>"; };
		97FD3D192E789F150068BE69 /* FoodHistoryManager.swift */ = {isa = PBXFileReference; lastKnownFileType = sourcecode.swift; path = FoodHistoryManager.swift; sourceTree = "<group>"; };
/* End PBXFileReference section */

/* Begin PBXFrameworksBuildPhase section */
		97BF11172E5A3244005FBA95 /* Frameworks */ = {
			isa = PBXFrameworksBuildPhase;
			buildActionMask = 2147483647;
			files = (
				976174692E73014E00A7C676 /* GoogleSignIn in Frameworks */,
				976174642E73013900A7C676 /* FirebaseDatabase in Frameworks */,
				976174662E73013900A7C676 /* FirebaseFirestore in Frameworks */,
				976174622E73013900A7C676 /* FirebaseCore in Frameworks */,
				976174602E73013900A7C676 /* FirebaseAuth in Frameworks */,
				9705CAC52E7DD4CE00AE7F79 /* FirebaseAI in Frameworks */,
				9705CAC72E7DD4DB00AE7F79 /* FirebaseMLModelDownloader in Frameworks */,
			);
			runOnlyForDeploymentPostprocessing = 0;
		};
		97BF112C2E5A3246005FBA95 /* Frameworks */ = {
			isa = PBXFrameworksBuildPhase;
			buildActionMask = 2147483647;
			files = (
			);
			runOnlyForDeploymentPostprocessing = 0;
		};
		97BF11362E5A3246005FBA95 /* Frameworks */ = {
			isa = PBXFrameworksBuildPhase;
			buildActionMask = 2147483647;
			files = (
			);
			runOnlyForDeploymentPostprocessing = 0;
		};
/* End PBXFrameworksBuildPhase section */

/* Begin PBXGroup section */
		9705CAB92E7DBD9000AE7F79 /* AdapterViews */ = {
			isa = PBXGroup;
			children = (
				978CD81C2E8865CB0034A3C0 /* PhotoPickerView */,
			);
			path = AdapterViews;
			sourceTree = "<group>";
		};
		9705CABC2E7DCBEA00AE7F79 /* ImageDetectionView */ = {
			isa = PBXGroup;
			children = (
				9705CABE2E7DCBFD00AE7F79 /* ViewModel */,
				9705CABD2E7DCBF900AE7F79 /* View */,
			);
			path = ImageDetectionView;
			sourceTree = "<group>";
		};
		9705CABD2E7DCBF900AE7F79 /* View */ = {
			isa = PBXGroup;
			children = (
				9705CABF2E7DCC1800AE7F79 /* ImageDetectionView.swift */,
			);
			path = View;
			sourceTree = "<group>";
		};
		9705CABE2E7DCBFD00AE7F79 /* ViewModel */ = {
			isa = PBXGroup;
			children = (
				9751F5002E7FDBDC001681DE /* ImageDetectionViewModel.swift */,
			);
			path = ViewModel;
			sourceTree = "<group>";
		};
		9705CACB2E7DD87F00AE7F79 /* APIS */ = {
			isa = PBXGroup;
			children = (
				9705CACA2E7DD87F00AE7F79 /* APIName.swift */,
			);
			path = APIS;
			sourceTree = "<group>";
		};
		972D8B502E733335008E3D47 /* Cells */ = {
			isa = PBXGroup;
			children = (
				972D8B512E733351008E3D47 /* ReviewItemMacroCard.swift */,
				972D8B532E73438D008E3D47 /* DailyGoalsCard.swift */,
			);
			path = Cells;
			sourceTree = "<group>";
		};
		972E9E502E70A04F009FD7F1 /* ViewModel */ = {
			isa = PBXGroup;
			children = (
				972E9E512E70A063009FD7F1 /* ReviewItemViewModel.swift */,
			);
			path = ViewModel;
			sourceTree = "<group>";
		};
		972E9E602E7170E8009FD7F1 /* AppDelegate */ = {
			isa = PBXGroup;
			children = (
				972E9E5F2E7170E8009FD7F1 /* AppDelegate.swift */,
			);
			path = AppDelegate;
			sourceTree = "<group>";
		};
		972E9E6E2E717C94009FD7F1 /* AppRootManager */ = {
			isa = PBXGroup;
			children = (
				972E9E6F2E717CAF009FD7F1 /* AppRootManager.swift */,
			);
			path = AppRootManager;
			sourceTree = "<group>";
		};
		972E9E712E717CF2009FD7F1 /* Onboarding */ = {
			isa = PBXGroup;
			children = (
				972E9E722E717CFD009FD7F1 /* LoginView */,
				972E9E822E719569009FD7F1 /* ProfileSetupView */,
			);
			path = Onboarding;
			sourceTree = "<group>";
		};
		972E9E722E717CFD009FD7F1 /* LoginView */ = {
			isa = PBXGroup;
			children = (
				972E9E7A2E718E6E009FD7F1 /* ViewModel */,
				972E9E7B2E718E73009FD7F1 /* View */,
			);
			path = LoginView;
			sourceTree = "<group>";
		};
		972E9E7A2E718E6E009FD7F1 /* ViewModel */ = {
			isa = PBXGroup;
			children = (
				972E9E7C2E718E82009FD7F1 /* LoginViewModel.swift */,
			);
			path = ViewModel;
			sourceTree = "<group>";
		};
		972E9E7B2E718E73009FD7F1 /* View */ = {
			isa = PBXGroup;
			children = (
				972E9E732E717D14009FD7F1 /* LoginView.swift */,
			);
			path = View;
			sourceTree = "<group>";
		};
		972E9E802E71944C009FD7F1 /* Splash */ = {
			isa = PBXGroup;
			children = (
				972E9E7F2E71944C009FD7F1 /* SplashView.swift */,
			);
			name = Splash;
			sourceTree = "<group>";
		};
		972E9E822E719569009FD7F1 /* ProfileSetupView */ = {
			isa = PBXGroup;
			children = (
				972E9E882E71967C009FD7F1 /* ViewModel */,
				972E9E872E719676009FD7F1 /* View */,
			);
			path = ProfileSetupView;
			sourceTree = "<group>";
		};
		972E9E872E719676009FD7F1 /* View */ = {
			isa = PBXGroup;
			children = (
				972E9E852E719659009FD7F1 /* ProfileSetupView.swift */,
			);
			path = View;
			sourceTree = "<group>";
		};
		972E9E882E71967C009FD7F1 /* ViewModel */ = {
			isa = PBXGroup;
			children = (
				972E9E892E719696009FD7F1 /* ProfileSetupViewModel.swift */,
			);
			path = ViewModel;
			sourceTree = "<group>";
		};
		972E9E8B2E71A24F009FD7F1 /* FirebaseHelper */ = {
			isa = PBXGroup;
			children = (
				972E9E8C2E71A268009FD7F1 /* ProfileFBHelper.swift */,
				972E9E9C2E71E26C009FD7F1 /* FoodCatalogFBHelper.swift */,
				9751F4FC2E7FD8DC001681DE /* FoodDetectorFBManager.swift */,
			);
			path = FirebaseHelper;
			sourceTree = "<group>";
		};
		972E9E942E71A344009FD7F1 /* FirebaseKey */ = {
			isa = PBXGroup;
			children = (
				972E9E932E71A344009FD7F1 /* FirebaseKey.swift */,
			);
			path = FirebaseKey;
			sourceTree = "<group>";
		};
		9741B6F02E7548A90092763D /* LogMealView */ = {
			isa = PBXGroup;
			children = (
				9741B6F42E75709C0092763D /* Cells */,
				97D780B62E76C90E004BA2AA /* ViewModel */,
				9741B6F12E7548B00092763D /* View */,
			);
			path = LogMealView;
			sourceTree = "<group>";
		};
		9741B6F12E7548B00092763D /* View */ = {
			isa = PBXGroup;
			children = (
				9741B6F22E7548BA0092763D /* LogMealView.swift */,
			);
			path = View;
			sourceTree = "<group>";
		};
		9741B6F42E75709C0092763D /* Cells */ = {
			isa = PBXGroup;
			children = (
				9741B6F52E7570B10092763D /* LogMealMacroView.swift */,
				9741B6F72E7584580092763D /* MealTypeView.swift */,
			);
			path = Cells;
			sourceTree = "<group>";
		};
		9741B6FB2E75AD7A0092763D /* AddFoodItemView */ = {
			isa = PBXGroup;
			children = (
				97E4E5AC2E7C8F2F00A099FB /* SupportingView */,
				97D780BC2E76EAC1004BA2AA /* Cells */,
				97D780B92E76CB5E004BA2AA /* ViewModel */,
				9741B6FC2E75AD880092763D /* View */,
			);
			path = AddFoodItemView;
			sourceTree = "<group>";
		};
		9741B6FC2E75AD880092763D /* View */ = {
			isa = PBXGroup;
			children = (
				9741B6FD2E75AD920092763D /* AddFoodItemView.swift */,
			);
			path = View;
			sourceTree = "<group>";
		};
		974AFC312E660E79003302BB /* LogMeal */ = {
			isa = PBXGroup;
			children = (
				978CD8182E8848EA0034A3C0 /* PictureSelectorView */,
				9741B6F02E7548A90092763D /* LogMealView */,
				9741B6FB2E75AD7A0092763D /* AddFoodItemView */,
				9778FCDE2E6B079600A3EF0C /* BarcodeView */,
				97ED164A2E6DF47300DFF623 /* ReviewItemView */,
				9705CABC2E7DCBEA00AE7F79 /* ImageDetectionView */,
				9751F5042E803F50001681DE /* ReviewDetectedItemView */,
				977F2A7D2E89639F005F0AB5 /* SelectMealTypeBottomSheet */,
			);
			path = LogMeal;
			sourceTree = "<group>";
		};
		974AFC352E660FCA003302BB /* View */ = {
			isa = PBXGroup;
			children = (
				97BF11702E5A35A8005FBA95 /* RootTabView.swift */,
			);
			path = View;
			sourceTree = "<group>";
		};
		974AFC362E660FCF003302BB /* ViewModel */ = {
			isa = PBXGroup;
			children = (
				974AFC372E660FEC003302BB /* RootTabViewModel.swift */,
			);
			path = ViewModel;
			sourceTree = "<group>";
		};
		9751F5042E803F50001681DE /* ReviewDetectedItemView */ = {
			isa = PBXGroup;
			children = (
				9751F50C2E80710D001681DE /* ViewModel */,
				9751F5092E804BF2001681DE /* Cells */,
				9751F5062E8040AE001681DE /* View */,
			);
			path = ReviewDetectedItemView;
			sourceTree = "<group>";
		};
		9751F5062E8040AE001681DE /* View */ = {
			isa = PBXGroup;
			children = (
				9751F5072E80416C001681DE /* ReviewDetectedItemView.swift */,
			);
			path = View;
			sourceTree = "<group>";
		};
		9751F5092E804BF2001681DE /* Cells */ = {
			isa = PBXGroup;
			children = (
				9751F50A2E804C0F001681DE /* DetectedItemRowView.swift */,
				9751F50F2E8078F5001681DE /* DetectedItemRowViewModel.swift */,
			);
			path = Cells;
			sourceTree = "<group>";
		};
		9751F50C2E80710D001681DE /* ViewModel */ = {
			isa = PBXGroup;
			children = (
				9751F50D2E8072AE001681DE /* ReviewDetectedItemViewModel.swift */,
			);
			path = ViewModel;
			sourceTree = "<group>";
		};
		975D87162E7D565E00265F5C /* Router */ = {
			isa = PBXGroup;
			children = (
				975D87172E7D567800265F5C /* Router.swift */,
			);
			path = Router;
			sourceTree = "<group>";
		};
		975D87192E7D579E00265F5C /* Router */ = {
			isa = PBXGroup;
			children = (
				975D871A2E7D57AE00265F5C /* Router+Home.swift */,
			);
			path = Router;
			sourceTree = "<group>";
		};
		977356962E6334D0007ED640 /* Extensions */ = {
			isa = PBXGroup;
			children = (
				97D780B42E76C151004BA2AA /* Date+Extension.swift */,
				972E9E982E71A434009FD7F1 /* Codable+Extension.swift */,
				972E9E992E71A434009FD7F1 /* DispatchQueue+Extension.swift */,
				977356972E6334D8007ED640 /* Double+Extension.swift */,
				972E9E962E71A35D009FD7F1 /* String+Extension.swift */,
			);
			path = Extensions;
			sourceTree = "<group>";
		};
		977356992E634C2C007ED640 /* ViewModifiers */ = {
			isa = PBXGroup;
			children = (
				97C44E0D2E6C797E00FC0757 /* CustomBackButtonModifier.swift */,
				9773569A2E634C3E007ED640 /* OnFirstAppearViewModifier.swift */,
			);
			path = ViewModifiers;
			sourceTree = "<group>";
		};
		9778FCDE2E6B079600A3EF0C /* BarcodeView */ = {
			isa = PBXGroup;
			children = (
				97ED16432E6DB2E300DFF623 /* BarcodeViewModel */,
				9778FCDF2E6B07AA00A3EF0C /* View */,
			);
			path = BarcodeView;
			sourceTree = "<group>";
		};
		9778FCDF2E6B07AA00A3EF0C /* View */ = {
			isa = PBXGroup;
			children = (
				9778FCE22E6B07CE00A3EF0C /* BarcodeView.swift */,
				97ED16462E6DE3F400DFF623 /* BarcodeManualEntryView.swift */,
			);
			path = View;
			sourceTree = "<group>";
		};
		977F2A7D2E89639F005F0AB5 /* SelectMealTypeBottomSheet */ = {
			isa = PBXGroup;
			children = (
				977F2A7E2E8963AE005F0AB5 /* View */,
			);
			path = SelectMealTypeBottomSheet;
			sourceTree = "<group>";
		};
		977F2A7E2E8963AE005F0AB5 /* View */ = {
			isa = PBXGroup;
			children = (
				977F2A7F2E8963C2005F0AB5 /* SelectMealTypeBottomSheet.swift */,
			);
			path = View;
			sourceTree = "<group>";
		};
		9780BD752E6301F2005227E4 /* Managers */ = {
			isa = PBXGroup;
			children = (
				97E4E5A82E7C757800A099FB /* ImageFileCache.swift */,
				9719AFC22E79E83200C468D5 /* GenericFRC.swift */,
				97ED164E2E6DF6D400DFF623 /* URLSessionManager.swift */,
				9780BD762E63022B005227E4 /* ManagerProtocol */,
				9780BD792E630545005227E4 /* ProfileManager.swift */,
				9773569C2E635552007ED640 /* DailyActivityManager.swift */,
				979C16D02E6468E100322BB8 /* MealManager.swift */,
				979C16D22E64802E00322BB8 /* WorkoutManager.swift */,
				972E9E9E2E71E6B1009FD7F1 /* FoodCatalogManager.swift */,
				97FD3D192E789F150068BE69 /* FoodHistoryManager.swift */,
				972E9EA22E720B27009FD7F1 /* UserDefaultManager.swift */,
				9751F4FA2E7FD864001681DE /* FoodDetectorManager.swift */,
			);
			path = Managers;
			sourceTree = "<group>";
		};
		9780BD762E63022B005227E4 /* ManagerProtocol */ = {
			isa = PBXGroup;
			children = (
				9780BD772E63024D005227E4 /* BaseManagerDelegate.swift */,
			);
			path = ManagerProtocol;
			sourceTree = "<group>";
		};
		9780BD7B2E63057E005227E4 /* Models */ = {
			isa = PBXGroup;
			children = (
				977356942E631982007ED640 /* ProfileModel.swift */,
				9773569E2E63620E007ED640 /* DailyActivityModel.swift */,
				977356A02E636359007ED640 /* MealModel.swift */,
				977356A42E6364E3007ED640 /* FoodItemModel.swift */,
				977356A22E636498007ED640 /* WorkoutModel.swift */,
				977356A62E63654A007ED640 /* WorkoutSetModel.swift */,
				972E9E572E70B3BE009FD7F1 /* BarcodeModel.swift */,
				972E9E5B2E70BD7E009FD7F1 /* FoodCatalogItemModel.swift */,
				9751F5022E7FE348001681DE /* AIFoodItemModel.swift */,
			);
			path = Models;
			sourceTree = "<group>";
		};
		978CD8182E8848EA0034A3C0 /* PictureSelectorView */ = {
			isa = PBXGroup;
			children = (
				978CD8192E8849070034A3C0 /* PictureSelectorView.swift */,
			);
			path = PictureSelectorView;
			sourceTree = "<group>";
		};
		978CD81C2E8865CB0034A3C0 /* PhotoPickerView */ = {
			isa = PBXGroup;
			children = (
				978CD81B2E8865CB0034A3C0 /* FNPhotoPickerView.swift */,
			);
			path = PhotoPickerView;
			sourceTree = "<group>";
		};
		979C16D42E6486B100322BB8 /* HomeTab */ = {
			isa = PBXGroup;
			children = (
				975D87192E7D579E00265F5C /* Router */,
				97BF116F2E5A3596005FBA95 /* Home */,
				979C16D52E6486BE00322BB8 /* LogWater */,
				974AFC312E660E79003302BB /* LogMeal */,
			);
			path = HomeTab;
			sourceTree = "<group>";
		};
		979C16D52E6486BE00322BB8 /* LogWater */ = {
			isa = PBXGroup;
			children = (
				979C16D62E648F0200322BB8 /* View */,
			);
			path = LogWater;
			sourceTree = "<group>";
		};
		979C16D62E648F0200322BB8 /* View */ = {
			isa = PBXGroup;
			children = (
				979C16D72E648F1D00322BB8 /* LogWaterView.swift */,
			);
			path = View;
			sourceTree = "<group>";
		};
		97BF11112E5A3244005FBA95 = {
			isa = PBXGroup;
			children = (
				9739C1112E841C3B005005FE /* FoodAIClassifier.mlpackage */,
				97BF11532E5A33BF005FBA95 /* FitNutCoach */,
				97BF115C2E5A33C3005FBA95 /* FitNutCoachTests */,
				97BF11602E5A33C6005FBA95 /* FitNutCoachUITests */,
				97BF111B2E5A3244005FBA95 /* Products */,
			);
			sourceTree = "<group>";
		};
		97BF111B2E5A3244005FBA95 /* Products */ = {
			isa = PBXGroup;
			children = (
				97BF111A2E5A3244005FBA95 /* FitNutCoach.app */,
				97BF112F2E5A3246005FBA95 /* FitNutCoachTests.xctest */,
				97BF11392E5A3246005FBA95 /* FitNutCoachUITests.xctest */,
			);
			name = Products;
			sourceTree = "<group>";
		};
		97BF114D2E5A33BF005FBA95 /* Preview Content */ = {
			isa = PBXGroup;
			children = (
				97BF114C2E5A33BF005FBA95 /* Preview Assets.xcassets */,
			);
			path = "Preview Content";
			sourceTree = "<group>";
		};
		97BF11532E5A33BF005FBA95 /* FitNutCoach */ = {
			isa = PBXGroup;
			children = (
				972E9E7E2E718F9C009FD7F1 /* Info.plist */,
				97BF11502E5A33BF005FBA95 /* FitNutCoach.xcdatamodeld */,
				97BF116E2E5A3535005FBA95 /* Resources */,
				97BF11632E5A3423005FBA95 /* App */,
				97BF11672E5A34C2005FBA95 /* Core */,
				97BF116B2E5A3514005FBA95 /* DataStore */,
				97BF116C2E5A351E005FBA95 /* Services */,
				97BF116D2E5A3525005FBA95 /* Features */,
			);
			path = FitNutCoach;
			sourceTree = "<group>";
		};
		97BF115C2E5A33C3005FBA95 /* FitNutCoachTests */ = {
			isa = PBXGroup;
			children = (
				97BF115B2E5A33C3005FBA95 /* FitNutCoachTests.swift */,
			);
			path = FitNutCoachTests;
			sourceTree = "<group>";
		};
		97BF11602E5A33C6005FBA95 /* FitNutCoachUITests */ = {
			isa = PBXGroup;
			children = (
				97BF115E2E5A33C6005FBA95 /* FitNutCoachUITests.swift */,
				97BF115F2E5A33C6005FBA95 /* FitNutCoachUITestsLaunchTests.swift */,
			);
			path = FitNutCoachUITests;
			sourceTree = "<group>";
		};
		97BF11632E5A3423005FBA95 /* App */ = {
			isa = PBXGroup;
			children = (
				972E9E6E2E717C94009FD7F1 /* AppRootManager */,
				972E9E602E7170E8009FD7F1 /* AppDelegate */,
				97BF11642E5A343B005FBA95 /* Persistence */,
				97BF11512E5A33BF005FBA95 /* FitNutCoachApp.swift */,
			);
			path = App;
			sourceTree = "<group>";
		};
		97BF11642E5A343B005FBA95 /* Persistence */ = {
			isa = PBXGroup;
			children = (
				97BF11652E5A3491005FBA95 /* PersistenceController.swift */,
			);
			path = Persistence;
			sourceTree = "<group>";
		};
		97BF11672E5A34C2005FBA95 /* Core */ = {
			isa = PBXGroup;
			children = (
				9780BD7B2E63057E005227E4 /* Models */,
				97BF11682E5A34D6005FBA95 /* DesignKit */,
				97BF11692E5A34DF005FBA95 /* Utilities */,
				97BF116A2E5A34F4005FBA95 /* Environment */,
			);
			path = Core;
			sourceTree = "<group>";
		};
		97BF11682E5A34D6005FBA95 /* DesignKit */ = {
			isa = PBXGroup;
			children = (
				9705CAB92E7DBD9000AE7F79 /* AdapterViews */,
				97E4E5AA2E7C759300A099FB /* FNCachedAsyncImage.swift */,
				9741B6F92E7598720092763D /* FNNavigationButton.swift */,
				972E9E592E70B7B3009FD7F1 /* FNActivityIndicator.swift */,
				97BF119C2E5ADBF5005FBA95 /* ProgressRing.swift */,
				97BF11722E5A35D4005FBA95 /* AppSpacing.swift */,
				97BF11A92E5AEE83005FBA95 /* FNButton.swift */,
				97ED16482E6DE61100DFF623 /* FNTextField.swift */,
				97FD3D152E78800A0068BE69 /* FNStepper.swift */,
				97FD3D172E7881040068BE69 /* FNKeyValueView.swift */,
				9705CAB72E7DBC0300AE7F79 /* FNFAB.swift */,
			);
			path = DesignKit;
			sourceTree = "<group>";
		};
		97BF11692E5A34DF005FBA95 /* Utilities */ = {
			isa = PBXGroup;
			children = (
				972E9E942E71A344009FD7F1 /* FirebaseKey */,
				97ED16412E6DB2B300DFF623 /* HelperViews */,
				977356992E634C2C007ED640 /* ViewModifiers */,
				977356962E6334D0007ED640 /* Extensions */,
				97BF11A42E5AE879005FBA95 /* AppColors */,
				97BF11992E5ABA0F005FBA95 /* AppTexts */,
			);
			path = Utilities;
			sourceTree = "<group>";
		};
		97BF116A2E5A34F4005FBA95 /* Environment */ = {
			isa = PBXGroup;
			children = (
				97BF11742E5A3691005FBA95 /* AppEnvironment.swift */,
			);
			path = Environment;
			sourceTree = "<group>";
		};
		97BF116B2E5A3514005FBA95 /* DataStore */ = {
			isa = PBXGroup;
			children = (
				972E9E8B2E71A24F009FD7F1 /* FirebaseHelper */,
				9780BD752E6301F2005227E4 /* Managers */,
			);
			path = DataStore;
			sourceTree = "<group>";
		};
		97BF116C2E5A351E005FBA95 /* Services */ = {
			isa = PBXGroup;
			children = (
				9705CACB2E7DD87F00AE7F79 /* APIS */,
			);
			path = Services;
			sourceTree = "<group>";
		};
		97BF116D2E5A3525005FBA95 /* Features */ = {
			isa = PBXGroup;
			children = (
				975D87162E7D565E00265F5C /* Router */,
				972E9E802E71944C009FD7F1 /* Splash */,
				972E9E712E717CF2009FD7F1 /* Onboarding */,
				97BF11762E5A3750005FBA95 /* RootTab */,
				979C16D42E6486B100322BB8 /* HomeTab */,
				97BF117F2E5AB061005FBA95 /* Workout */,
				97BF11892E5AB0D2005FBA95 /* Recipe */,
				97BF11862E5AB0A0005FBA95 /* Trends */,
				97BF11882E5AB0A0005FBA95 /* Profile */,
			);
			path = Features;
			sourceTree = "<group>";
		};
		97BF116E2E5A3535005FBA95 /* Resources */ = {
			isa = PBXGroup;
			children = (
				972E9E5D2E7170AF009FD7F1 /* GoogleService-Info.plist */,
				97BF114E2E5A33BF005FBA95 /* Assets.xcassets */,
				97BF114D2E5A33BF005FBA95 /* Preview Content */,
			);
			path = Resources;
			sourceTree = "<group>";
		};
		97BF116F2E5A3596005FBA95 /* Home */ = {
			isa = PBXGroup;
			children = (
				97BF11A12E5AE445005FBA95 /* Cells */,
				97BF11942E5AB9B0005FBA95 /* ViewModel */,
				97BF117D2E5AB055005FBA95 /* View */,
			);
			path = Home;
			sourceTree = "<group>";
		};
		97BF11762E5A3750005FBA95 /* RootTab */ = {
			isa = PBXGroup;
			children = (
				974AFC362E660FCF003302BB /* ViewModel */,
				974AFC352E660FCA003302BB /* View */,
			);
			path = RootTab;
			sourceTree = "<group>";
		};
		97BF117D2E5AB055005FBA95 /* View */ = {
			isa = PBXGroup;
			children = (
				97BF117C2E5AB055005FBA95 /* HomeView.swift */,
			);
			path = View;
			sourceTree = "<group>";
		};
		97BF117F2E5AB061005FBA95 /* Workout */ = {
			isa = PBXGroup;
			children = (
				97BF11802E5AB072005FBA95 /* View */,
			);
			path = Workout;
			sourceTree = "<group>";
		};
		97BF11802E5AB072005FBA95 /* View */ = {
			isa = PBXGroup;
			children = (
				97BF118B2E5AB106005FBA95 /* WorkoutsView.swift */,
			);
			path = View;
			sourceTree = "<group>";
		};
		97BF11852E5AB0A0005FBA95 /* View */ = {
			isa = PBXGroup;
			children = (
				97BF11902E5AB131005FBA95 /* TrendsView.swift */,
			);
			path = View;
			sourceTree = "<group>";
		};
		97BF11862E5AB0A0005FBA95 /* Trends */ = {
			isa = PBXGroup;
			children = (
				97BF11852E5AB0A0005FBA95 /* View */,
			);
			path = Trends;
			sourceTree = "<group>";
		};
		97BF11872E5AB0A0005FBA95 /* View */ = {
			isa = PBXGroup;
			children = (
				97BF11922E5AB140005FBA95 /* ProfileView.swift */,
			);
			path = View;
			sourceTree = "<group>";
		};
		97BF11882E5AB0A0005FBA95 /* Profile */ = {
			isa = PBXGroup;
			children = (
				97BF11872E5AB0A0005FBA95 /* View */,
			);
			path = Profile;
			sourceTree = "<group>";
		};
		97BF11892E5AB0D2005FBA95 /* Recipe */ = {
			isa = PBXGroup;
			children = (
				97BF118D2E5AB122005FBA95 /* View */,
			);
			path = Recipe;
			sourceTree = "<group>";
		};
		97BF118D2E5AB122005FBA95 /* View */ = {
			isa = PBXGroup;
			children = (
				97BF118E2E5AB126005FBA95 /* RecipesView.swift */,
			);
			path = View;
			sourceTree = "<group>";
		};
		97BF11942E5AB9B0005FBA95 /* ViewModel */ = {
			isa = PBXGroup;
			children = (
				97BF11972E5AB9D5005FBA95 /* HomeViewModel.swift */,
			);
			path = ViewModel;
			sourceTree = "<group>";
		};
		97BF11992E5ABA0F005FBA95 /* AppTexts */ = {
			isa = PBXGroup;
			children = (
				97BF119A2E5ABA38005FBA95 /* AppTexts.swift */,
			);
			path = AppTexts;
			sourceTree = "<group>";
		};
		97BF11A12E5AE445005FBA95 /* Cells */ = {
			isa = PBXGroup;
			children = (
				97BF119E2E5AE421005FBA95 /* ProgressRingsView.swift */,
				97BF11A22E5AE45F005FBA95 /* ProgressRingCellView.swift */,
				97BF11AD2E5B140E005FBA95 /* NutritionSnapshotView.swift */,
				97BF11B12E5B30A6005FBA95 /* QuickRecipesView.swift */,
			);
			path = Cells;
			sourceTree = "<group>";
		};
		97BF11A42E5AE879005FBA95 /* AppColors */ = {
			isa = PBXGroup;
			children = (
				97BF11A52E5AE87F005FBA95 /* AppColors.swift */,
			);
			path = AppColors;
			sourceTree = "<group>";
		};
		97D780B62E76C90E004BA2AA /* ViewModel */ = {
			isa = PBXGroup;
			children = (
				97D780B72E76C91E004BA2AA /* LogMealViewModel.swift */,
			);
			path = ViewModel;
			sourceTree = "<group>";
		};
		97D780B92E76CB5E004BA2AA /* ViewModel */ = {
			isa = PBXGroup;
			children = (
				97D780BA2E76CB6E004BA2AA /* AddFoodItemViewModel.swift */,
			);
			path = ViewModel;
			sourceTree = "<group>";
		};
		97D780BC2E76EAC1004BA2AA /* Cells */ = {
			isa = PBXGroup;
			children = (
				97D780BD2E76EAD6004BA2AA /* BarcodeSnapView.swift */,
				97D780BF2E76EF3D004BA2AA /* FoodItemView.swift */,
				97D780C12E772BA5004BA2AA /* AddFoodSectionHeaderView.swift */,
			);
			path = Cells;
			sourceTree = "<group>";
		};
		97E4E5AC2E7C8F2F00A099FB /* SupportingView */ = {
			isa = PBXGroup;
			children = (
				97E4E5AD2E7C8F5B00A099FB /* SearchResultView.swift */,
			);
			path = SupportingView;
			sourceTree = "<group>";
		};
		97ED16412E6DB2B300DFF623 /* HelperViews */ = {
			isa = PBXGroup;
			children = (
				97D9A8562E6CA5E2008C5725 /* BarcodeScannerView.swift */,
			);
			path = HelperViews;
			sourceTree = "<group>";
		};
		97ED16432E6DB2E300DFF623 /* BarcodeViewModel */ = {
			isa = PBXGroup;
			children = (
				97ED16442E6DBF3100DFF623 /* BarcodeViewModel.swift */,
			);
			path = BarcodeViewModel;
			sourceTree = "<group>";
		};
		97ED164A2E6DF47300DFF623 /* ReviewItemView */ = {
			isa = PBXGroup;
			children = (
				972D8B502E733335008E3D47 /* Cells */,
				972E9E502E70A04F009FD7F1 /* ViewModel */,
				97ED164B2E6DF48B00DFF623 /* View */,
			);
			path = ReviewItemView;
			sourceTree = "<group>";
		};
		97ED164B2E6DF48B00DFF623 /* View */ = {
			isa = PBXGroup;
			children = (
				97ED164C2E6DF51500DFF623 /* ReviewItemView.swift */,
			);
			path = View;
			sourceTree = "<group>";
		};
/* End PBXGroup section */

/* Begin PBXNativeTarget section */
		97BF11192E5A3244005FBA95 /* FitNutCoach */ = {
			isa = PBXNativeTarget;
			buildConfigurationList = 97BF11432E5A3246005FBA95 /* Build configuration list for PBXNativeTarget "FitNutCoach" */;
			buildPhases = (
				97BF11162E5A3244005FBA95 /* Sources */,
				97BF11172E5A3244005FBA95 /* Frameworks */,
				97BF11182E5A3244005FBA95 /* Resources */,
			);
			buildRules = (
			);
			dependencies = (
			);
			name = FitNutCoach;
			packageProductDependencies = (
				9761745F2E73013900A7C676 /* FirebaseAuth */,
				976174612E73013900A7C676 /* FirebaseCore */,
				976174632E73013900A7C676 /* FirebaseDatabase */,
				976174652E73013900A7C676 /* FirebaseFirestore */,
				976174682E73014E00A7C676 /* GoogleSignIn */,
				9705CAC42E7DD4CE00AE7F79 /* FirebaseAI */,
				9705CAC62E7DD4DB00AE7F79 /* FirebaseMLModelDownloader */,
			);
			productName = FitNutCoach;
			productReference = 97BF111A2E5A3244005FBA95 /* FitNutCoach.app */;
			productType = "com.apple.product-type.application";
		};
		97BF112E2E5A3246005FBA95 /* FitNutCoachTests */ = {
			isa = PBXNativeTarget;
			buildConfigurationList = 97BF11462E5A3246005FBA95 /* Build configuration list for PBXNativeTarget "FitNutCoachTests" */;
			buildPhases = (
				48725351C9F2FD31132BF68F /* [CP] Check Pods Manifest.lock */,
				97BF112B2E5A3246005FBA95 /* Sources */,
				97BF112C2E5A3246005FBA95 /* Frameworks */,
				97BF112D2E5A3246005FBA95 /* Resources */,
			);
			buildRules = (
			);
			dependencies = (
				97BF11312E5A3246005FBA95 /* PBXTargetDependency */,
			);
			name = FitNutCoachTests;
			productName = FitNutCoachTests;
			productReference = 97BF112F2E5A3246005FBA95 /* FitNutCoachTests.xctest */;
			productType = "com.apple.product-type.bundle.unit-test";
		};
		97BF11382E5A3246005FBA95 /* FitNutCoachUITests */ = {
			isa = PBXNativeTarget;
			buildConfigurationList = 97BF11492E5A3246005FBA95 /* Build configuration list for PBXNativeTarget "FitNutCoachUITests" */;
			buildPhases = (
				EEC20C1D035D61B31B90F0E6 /* [CP] Check Pods Manifest.lock */,
				97BF11352E5A3246005FBA95 /* Sources */,
				97BF11362E5A3246005FBA95 /* Frameworks */,
				97BF11372E5A3246005FBA95 /* Resources */,
				F4F7D23821723D2A8E82B707 /* [CP] Copy Pods Resources */,
			);
			buildRules = (
			);
			dependencies = (
				97BF113B2E5A3246005FBA95 /* PBXTargetDependency */,
			);
			name = FitNutCoachUITests;
			productName = FitNutCoachUITests;
			productReference = 97BF11392E5A3246005FBA95 /* FitNutCoachUITests.xctest */;
			productType = "com.apple.product-type.bundle.ui-testing";
		};
/* End PBXNativeTarget section */

/* Begin PBXProject section */
		97BF11122E5A3244005FBA95 /* Project object */ = {
			isa = PBXProject;
			attributes = {
				BuildIndependentTargetsInParallel = 1;
				LastSwiftUpdateCheck = 1600;
				LastUpgradeCheck = 1600;
				TargetAttributes = {
					97BF11192E5A3244005FBA95 = {
						CreatedOnToolsVersion = 16.0;
					};
					97BF112E2E5A3246005FBA95 = {
						CreatedOnToolsVersion = 16.0;
						TestTargetID = 97BF11192E5A3244005FBA95;
					};
					97BF11382E5A3246005FBA95 = {
						CreatedOnToolsVersion = 16.0;
						TestTargetID = 97BF11192E5A3244005FBA95;
					};
				};
			};
			buildConfigurationList = 97BF11152E5A3244005FBA95 /* Build configuration list for PBXProject "FitNutCoach" */;
			compatibilityVersion = "Xcode 14.0";
			developmentRegion = en;
			hasScannedForEncodings = 0;
			knownRegions = (
				en,
				Base,
			);
			mainGroup = 97BF11112E5A3244005FBA95;
			minimizedProjectReferenceProxies = 1;
			packageReferences = (
				9761745E2E73013900A7C676 /* XCRemoteSwiftPackageReference "firebase-ios-sdk" */,
				976174672E73014E00A7C676 /* XCRemoteSwiftPackageReference "GoogleSignIn-iOS" */,
			);
			productRefGroup = 97BF111B2E5A3244005FBA95 /* Products */;
			projectDirPath = "";
			projectRoot = "";
			targets = (
				97BF11192E5A3244005FBA95 /* FitNutCoach */,
				97BF112E2E5A3246005FBA95 /* FitNutCoachTests */,
				97BF11382E5A3246005FBA95 /* FitNutCoachUITests */,
			);
		};
/* End PBXProject section */

/* Begin PBXResourcesBuildPhase section */
		97BF11182E5A3244005FBA95 /* Resources */ = {
			isa = PBXResourcesBuildPhase;
			buildActionMask = 2147483647;
			files = (
				97BF11552E5A33BF005FBA95 /* Preview Assets.xcassets in Resources */,
				972E9E5E2E7170AF009FD7F1 /* GoogleService-Info.plist in Resources */,
				97BF11562E5A33BF005FBA95 /* Assets.xcassets in Resources */,
			);
			runOnlyForDeploymentPostprocessing = 0;
		};
		97BF112D2E5A3246005FBA95 /* Resources */ = {
			isa = PBXResourcesBuildPhase;
			buildActionMask = 2147483647;
			files = (
			);
			runOnlyForDeploymentPostprocessing = 0;
		};
		97BF11372E5A3246005FBA95 /* Resources */ = {
			isa = PBXResourcesBuildPhase;
			buildActionMask = 2147483647;
			files = (
			);
			runOnlyForDeploymentPostprocessing = 0;
		};
/* End PBXResourcesBuildPhase section */

/* Begin PBXShellScriptBuildPhase section */
		48725351C9F2FD31132BF68F /* [CP] Check Pods Manifest.lock */ = {
			isa = PBXShellScriptBuildPhase;
			buildActionMask = 2147483647;
			files = (
			);
			inputFileListPaths = (
			);
			inputPaths = (
				"${PODS_PODFILE_DIR_PATH}/Podfile.lock",
				"${PODS_ROOT}/Manifest.lock",
			);
			name = "[CP] Check Pods Manifest.lock";
			outputFileListPaths = (
			);
			outputPaths = (
				"$(DERIVED_FILE_DIR)/Pods-FitNutCoachTests-checkManifestLockResult.txt",
			);
			runOnlyForDeploymentPostprocessing = 0;
			shellPath = /bin/sh;
			shellScript = "diff \"${PODS_PODFILE_DIR_PATH}/Podfile.lock\" \"${PODS_ROOT}/Manifest.lock\" > /dev/null\nif [ $? != 0 ] ; then\n    # print error to STDERR\n    echo \"error: The sandbox is not in sync with the Podfile.lock. Run 'pod install' or update your CocoaPods installation.\" >&2\n    exit 1\nfi\n# This output is used by Xcode 'outputs' to avoid re-running this script phase.\necho \"SUCCESS\" > \"${SCRIPT_OUTPUT_FILE_0}\"\n";
			showEnvVarsInLog = 0;
		};
		EEC20C1D035D61B31B90F0E6 /* [CP] Check Pods Manifest.lock */ = {
			isa = PBXShellScriptBuildPhase;
			buildActionMask = 2147483647;
			files = (
			);
			inputFileListPaths = (
			);
			inputPaths = (
				"${PODS_PODFILE_DIR_PATH}/Podfile.lock",
				"${PODS_ROOT}/Manifest.lock",
			);
			name = "[CP] Check Pods Manifest.lock";
			outputFileListPaths = (
			);
			outputPaths = (
				"$(DERIVED_FILE_DIR)/Pods-FitNutCoach-FitNutCoachUITests-checkManifestLockResult.txt",
			);
			runOnlyForDeploymentPostprocessing = 0;
			shellPath = /bin/sh;
			shellScript = "diff \"${PODS_PODFILE_DIR_PATH}/Podfile.lock\" \"${PODS_ROOT}/Manifest.lock\" > /dev/null\nif [ $? != 0 ] ; then\n    # print error to STDERR\n    echo \"error: The sandbox is not in sync with the Podfile.lock. Run 'pod install' or update your CocoaPods installation.\" >&2\n    exit 1\nfi\n# This output is used by Xcode 'outputs' to avoid re-running this script phase.\necho \"SUCCESS\" > \"${SCRIPT_OUTPUT_FILE_0}\"\n";
			showEnvVarsInLog = 0;
		};
		F4F7D23821723D2A8E82B707 /* [CP] Copy Pods Resources */ = {
			isa = PBXShellScriptBuildPhase;
			buildActionMask = 2147483647;
			files = (
			);
			inputFileListPaths = (
				"${PODS_ROOT}/Target Support Files/Pods-FitNutCoach-FitNutCoachUITests/Pods-FitNutCoach-FitNutCoachUITests-resources-${CONFIGURATION}-input-files.xcfilelist",
			);
			inputPaths = (
			);
			name = "[CP] Copy Pods Resources";
			outputFileListPaths = (
				"${PODS_ROOT}/Target Support Files/Pods-FitNutCoach-FitNutCoachUITests/Pods-FitNutCoach-FitNutCoachUITests-resources-${CONFIGURATION}-output-files.xcfilelist",
			);
			outputPaths = (
			);
			runOnlyForDeploymentPostprocessing = 0;
			shellPath = /bin/sh;
			shellScript = "\"${PODS_ROOT}/Target Support Files/Pods-FitNutCoach-FitNutCoachUITests/Pods-FitNutCoach-FitNutCoachUITests-resources.sh\"\n";
			showEnvVarsInLog = 0;
		};
/* End PBXShellScriptBuildPhase section */

/* Begin PBXSourcesBuildPhase section */
		97BF11162E5A3244005FBA95 /* Sources */ = {
			isa = PBXSourcesBuildPhase;
			buildActionMask = 2147483647;
			files = (
				97D780BB2E76CB6E004BA2AA /* AddFoodItemViewModel.swift in Sources */,
				97C44E0E2E6C797E00FC0757 /* CustomBackButtonModifier.swift in Sources */,
				979C16D12E6468E100322BB8 /* MealManager.swift in Sources */,
				9751F50E2E8072AE001681DE /* ReviewDetectedItemViewModel.swift in Sources */,
				9741B6FE2E75AD920092763D /* AddFoodItemView.swift in Sources */,
				9773569F2E63620E007ED640 /* DailyActivityModel.swift in Sources */,
				972D8B522E733351008E3D47 /* ReviewItemMacroCard.swift in Sources */,
				97D9A8572E6CA5E2008C5725 /* BarcodeScannerView.swift in Sources */,
				977356A72E63654F007ED640 /* WorkoutSetModel.swift in Sources */,
				97ED16492E6DE61100DFF623 /* FNTextField.swift in Sources */,
				97E4E5A92E7C757800A099FB /* ImageFileCache.swift in Sources */,
				9719AFC32E79E83300C468D5 /* GenericFRC.swift in Sources */,
				972E9E702E717CAF009FD7F1 /* AppRootManager.swift in Sources */,
				978CD81D2E8865CB0034A3C0 /* FNPhotoPickerView.swift in Sources */,
				972E9E9A2E71A434009FD7F1 /* DispatchQueue+Extension.swift in Sources */,
				972E9E9B2E71A434009FD7F1 /* Codable+Extension.swift in Sources */,
				97BF119F2E5AE421005FBA95 /* ProgressRingsView.swift in Sources */,
				9773569B2E634C3E007ED640 /* OnFirstAppearViewModifier.swift in Sources */,
				97ED16452E6DBF3100DFF623 /* BarcodeViewModel.swift in Sources */,
				9751F5032E7FE348001681DE /* AIFoodItemModel.swift in Sources */,
				972E9E522E70A063009FD7F1 /* ReviewItemViewModel.swift in Sources */,
				9778FCE32E6B07CE00A3EF0C /* BarcodeView.swift in Sources */,
				97D780C02E76EF3E004BA2AA /* FoodItemView.swift in Sources */,
				972E9E7D2E718E82009FD7F1 /* LoginViewModel.swift in Sources */,
				975D871B2E7D57AE00265F5C /* Router+Home.swift in Sources */,
				972E9E8A2E719696009FD7F1 /* ProfileSetupViewModel.swift in Sources */,
				972E9EA32E720B27009FD7F1 /* UserDefaultManager.swift in Sources */,
				978CD81A2E8849070034A3C0 /* PictureSelectorView.swift in Sources */,
				97ED16472E6DE3F400DFF623 /* BarcodeManualEntryView.swift in Sources */,
				97BF11AA2E5AEE83005FBA95 /* FNButton.swift in Sources */,
				97BF119B2E5ABA38005FBA95 /* AppTexts.swift in Sources */,
				972E9E612E7170E8009FD7F1 /* AppDelegate.swift in Sources */,
				9741B6F32E7548BA0092763D /* LogMealView.swift in Sources */,
				97E4E5AE2E7C8F5B00A099FB /* SearchResultView.swift in Sources */,
				975D87182E7D567800265F5C /* Router.swift in Sources */,
				9780BD7A2E630545005227E4 /* ProfileManager.swift in Sources */,
				9751F4FD2E7FD8DC001681DE /* FoodDetectorFBManager.swift in Sources */,
				97BF11662E5A3496005FBA95 /* PersistenceController.swift in Sources */,
				97BF11B22E5B30A6005FBA95 /* QuickRecipesView.swift in Sources */,
				97ED164D2E6DF51500DFF623 /* ReviewItemView.swift in Sources */,
				9780BD782E63024D005227E4 /* BaseManagerDelegate.swift in Sources */,
				977356A12E636359007ED640 /* MealModel.swift in Sources */,
				97BF117E2E5AB055005FBA95 /* HomeView.swift in Sources */,
				972E9E5C2E70BD7E009FD7F1 /* FoodCatalogItemModel.swift in Sources */,
				972D8B542E73438D008E3D47 /* DailyGoalsCard.swift in Sources */,
				97BF118F2E5AB126005FBA95 /* RecipesView.swift in Sources */,
				97BF11A32E5AE45F005FBA95 /* ProgressRingCellView.swift in Sources */,
				97BF119D2E5ADBF5005FBA95 /* ProgressRing.swift in Sources */,
				97BF11732E5A35D4005FBA95 /* AppSpacing.swift in Sources */,
				97BF11582E5A33BF005FBA95 /* FitNutCoach.xcdatamodeld in Sources */,
				9705CAB82E7DBC0300AE7F79 /* FNFAB.swift in Sources */,
				972E9E972E71A35D009FD7F1 /* String+Extension.swift in Sources */,
				9741B6FA2E7598720092763D /* FNNavigationButton.swift in Sources */,
				977356A52E6364E6007ED640 /* FoodItemModel.swift in Sources */,
				977356A32E63649C007ED640 /* WorkoutModel.swift in Sources */,
				974AFC382E660FEC003302BB /* RootTabViewModel.swift in Sources */,
				9705CACC2E7DD87F00AE7F79 /* APIName.swift in Sources */,
				97BF11932E5AB140005FBA95 /* ProfileView.swift in Sources */,
				97BF11712E5A35A8005FBA95 /* RootTabView.swift in Sources */,
				97BF11A62E5AE87F005FBA95 /* AppColors.swift in Sources */,
				9751F4FB2E7FD864001681DE /* FoodDetectorManager.swift in Sources */,
				97BF11982E5AB9D5005FBA95 /* HomeViewModel.swift in Sources */,
				9705CAC02E7DCC1800AE7F79 /* ImageDetectionView.swift in Sources */,
				97D780BE2E76EAD6004BA2AA /* BarcodeSnapView.swift in Sources */,
				972E9E5A2E70B7B3009FD7F1 /* FNActivityIndicator.swift in Sources */,
				97ED164F2E6DF6D400DFF623 /* URLSessionManager.swift in Sources */,
				9751F5082E80416C001681DE /* ReviewDetectedItemView.swift in Sources */,
				972E9E9F2E71E6B1009FD7F1 /* FoodCatalogManager.swift in Sources */,
				972E9E812E71944C009FD7F1 /* SplashView.swift in Sources */,
				9751F5012E7FDBDC001681DE /* ImageDetectionViewModel.swift in Sources */,
				9739C1122E841C3C005005FE /* FoodAIClassifier.mlpackage in Sources */,
				972E9E8D2E71A268009FD7F1 /* ProfileFBHelper.swift in Sources */,
				97FD3D1A2E789F180068BE69 /* FoodHistoryManager.swift in Sources */,
				972E9E9D2E71E26C009FD7F1 /* FoodCatalogFBHelper.swift in Sources */,
				9741B6F62E7570B10092763D /* LogMealMacroView.swift in Sources */,
				9773569D2E635552007ED640 /* DailyActivityManager.swift in Sources */,
				972E9E952E71A344009FD7F1 /* FirebaseKey.swift in Sources */,
				97BF11912E5AB131005FBA95 /* TrendsView.swift in Sources */,
				97D780B82E76C91E004BA2AA /* LogMealViewModel.swift in Sources */,
				979C16D32E64803600322BB8 /* WorkoutManager.swift in Sources */,
				9751F5102E8078F5001681DE /* DetectedItemRowViewModel.swift in Sources */,
				97D780B52E76C155004BA2AA /* Date+Extension.swift in Sources */,
				972E9E862E719659009FD7F1 /* ProfileSetupView.swift in Sources */,
				9741B6F82E7584580092763D /* MealTypeView.swift in Sources */,
				979C16D82E648F1D00322BB8 /* LogWaterView.swift in Sources */,
				97BF11592E5A33BF005FBA95 /* FitNutCoachApp.swift in Sources */,
				977356952E631982007ED640 /* ProfileModel.swift in Sources */,
				977356982E6334DD007ED640 /* Double+Extension.swift in Sources */,
				97FD3D182E7881040068BE69 /* FNKeyValueView.swift in Sources */,
				972E9E742E717D14009FD7F1 /* LoginView.swift in Sources */,
				9751F50B2E804C0F001681DE /* DetectedItemRowView.swift in Sources */,
				97BF11AE2E5B140E005FBA95 /* NutritionSnapshotView.swift in Sources */,
				97BF118C2E5AB106005FBA95 /* WorkoutsView.swift in Sources */,
				977F2A802E8963C2005F0AB5 /* SelectMealTypeBottomSheet.swift in Sources */,
				97FD3D162E78800A0068BE69 /* FNStepper.swift in Sources */,
				972E9E582E70B3BE009FD7F1 /* BarcodeModel.swift in Sources */,
				97BF11752E5A3691005FBA95 /* AppEnvironment.swift in Sources */,
				97E4E5AB2E7C759300A099FB /* FNCachedAsyncImage.swift in Sources */,
				97D780C22E772BA5004BA2AA /* AddFoodSectionHeaderView.swift in Sources */,
			);
			runOnlyForDeploymentPostprocessing = 0;
		};
		97BF112B2E5A3246005FBA95 /* Sources */ = {
			isa = PBXSourcesBuildPhase;
			buildActionMask = 2147483647;
			files = (
				97BF115D2E5A33C3005FBA95 /* FitNutCoachTests.swift in Sources */,
			);
			runOnlyForDeploymentPostprocessing = 0;
		};
		97BF11352E5A3246005FBA95 /* Sources */ = {
			isa = PBXSourcesBuildPhase;
			buildActionMask = 2147483647;
			files = (
				97BF11612E5A33C6005FBA95 /* FitNutCoachUITests.swift in Sources */,
				97BF11622E5A33C6005FBA95 /* FitNutCoachUITestsLaunchTests.swift in Sources */,
			);
			runOnlyForDeploymentPostprocessing = 0;
		};
/* End PBXSourcesBuildPhase section */

/* Begin PBXTargetDependency section */
		97BF11312E5A3246005FBA95 /* PBXTargetDependency */ = {
			isa = PBXTargetDependency;
			target = 97BF11192E5A3244005FBA95 /* FitNutCoach */;
			targetProxy = 97BF11302E5A3246005FBA95 /* PBXContainerItemProxy */;
		};
		97BF113B2E5A3246005FBA95 /* PBXTargetDependency */ = {
			isa = PBXTargetDependency;
			target = 97BF11192E5A3244005FBA95 /* FitNutCoach */;
			targetProxy = 97BF113A2E5A3246005FBA95 /* PBXContainerItemProxy */;
		};
/* End PBXTargetDependency section */

/* Begin XCBuildConfiguration section */
		97BF11412E5A3246005FBA95 /* Debug */ = {
			isa = XCBuildConfiguration;
			buildSettings = {
				ALWAYS_SEARCH_USER_PATHS = NO;
				ASSETCATALOG_COMPILER_GENERATE_SWIFT_ASSET_SYMBOL_EXTENSIONS = YES;
				CLANG_ANALYZER_NONNULL = YES;
				CLANG_ANALYZER_NUMBER_OBJECT_CONVERSION = YES_AGGRESSIVE;
				CLANG_CXX_LANGUAGE_STANDARD = "gnu++20";
				CLANG_ENABLE_MODULES = YES;
				CLANG_ENABLE_OBJC_ARC = YES;
				CLANG_ENABLE_OBJC_WEAK = YES;
				CLANG_WARN_BLOCK_CAPTURE_AUTORELEASING = YES;
				CLANG_WARN_BOOL_CONVERSION = YES;
				CLANG_WARN_COMMA = YES;
				CLANG_WARN_CONSTANT_CONVERSION = YES;
				CLANG_WARN_DEPRECATED_OBJC_IMPLEMENTATIONS = YES;
				CLANG_WARN_DIRECT_OBJC_ISA_USAGE = YES_ERROR;
				CLANG_WARN_DOCUMENTATION_COMMENTS = YES;
				CLANG_WARN_EMPTY_BODY = YES;
				CLANG_WARN_ENUM_CONVERSION = YES;
				CLANG_WARN_INFINITE_RECURSION = YES;
				CLANG_WARN_INT_CONVERSION = YES;
				CLANG_WARN_NON_LITERAL_NULL_CONVERSION = YES;
				CLANG_WARN_OBJC_IMPLICIT_RETAIN_SELF = YES;
				CLANG_WARN_OBJC_LITERAL_CONVERSION = YES;
				CLANG_WARN_OBJC_ROOT_CLASS = YES_ERROR;
				CLANG_WARN_QUOTED_INCLUDE_IN_FRAMEWORK_HEADER = YES;
				CLANG_WARN_RANGE_LOOP_ANALYSIS = YES;
				CLANG_WARN_STRICT_PROTOTYPES = YES;
				CLANG_WARN_SUSPICIOUS_MOVE = YES;
				CLANG_WARN_UNGUARDED_AVAILABILITY = YES_AGGRESSIVE;
				CLANG_WARN_UNREACHABLE_CODE = YES;
				CLANG_WARN__DUPLICATE_METHOD_MATCH = YES;
				COPY_PHASE_STRIP = NO;
				DEBUG_INFORMATION_FORMAT = dwarf;
				ENABLE_STRICT_OBJC_MSGSEND = YES;
				ENABLE_TESTABILITY = YES;
				ENABLE_USER_SCRIPT_SANDBOXING = YES;
				GCC_C_LANGUAGE_STANDARD = gnu17;
				GCC_DYNAMIC_NO_PIC = NO;
				GCC_NO_COMMON_BLOCKS = YES;
				GCC_OPTIMIZATION_LEVEL = 0;
				GCC_PREPROCESSOR_DEFINITIONS = (
					"DEBUG=1",
					"$(inherited)",
				);
				GCC_WARN_64_TO_32_BIT_CONVERSION = YES;
				GCC_WARN_ABOUT_RETURN_TYPE = YES_ERROR;
				GCC_WARN_UNDECLARED_SELECTOR = YES;
				GCC_WARN_UNINITIALIZED_AUTOS = YES_AGGRESSIVE;
				GCC_WARN_UNUSED_FUNCTION = YES;
				GCC_WARN_UNUSED_VARIABLE = YES;
				IPHONEOS_DEPLOYMENT_TARGET = 18.0;
				LOCALIZATION_PREFERS_STRING_CATALOGS = YES;
				MTL_ENABLE_DEBUG_INFO = INCLUDE_SOURCE;
				MTL_FAST_MATH = YES;
				ONLY_ACTIVE_ARCH = YES;
				SDKROOT = iphoneos;
				SWIFT_ACTIVE_COMPILATION_CONDITIONS = "DEBUG $(inherited)";
				SWIFT_OPTIMIZATION_LEVEL = "-Onone";
			};
			name = Debug;
		};
		97BF11422E5A3246005FBA95 /* Release */ = {
			isa = XCBuildConfiguration;
			buildSettings = {
				ALWAYS_SEARCH_USER_PATHS = NO;
				ASSETCATALOG_COMPILER_GENERATE_SWIFT_ASSET_SYMBOL_EXTENSIONS = YES;
				CLANG_ANALYZER_NONNULL = YES;
				CLANG_ANALYZER_NUMBER_OBJECT_CONVERSION = YES_AGGRESSIVE;
				CLANG_CXX_LANGUAGE_STANDARD = "gnu++20";
				CLANG_ENABLE_MODULES = YES;
				CLANG_ENABLE_OBJC_ARC = YES;
				CLANG_ENABLE_OBJC_WEAK = YES;
				CLANG_WARN_BLOCK_CAPTURE_AUTORELEASING = YES;
				CLANG_WARN_BOOL_CONVERSION = YES;
				CLANG_WARN_COMMA = YES;
				CLANG_WARN_CONSTANT_CONVERSION = YES;
				CLANG_WARN_DEPRECATED_OBJC_IMPLEMENTATIONS = YES;
				CLANG_WARN_DIRECT_OBJC_ISA_USAGE = YES_ERROR;
				CLANG_WARN_DOCUMENTATION_COMMENTS = YES;
				CLANG_WARN_EMPTY_BODY = YES;
				CLANG_WARN_ENUM_CONVERSION = YES;
				CLANG_WARN_INFINITE_RECURSION = YES;
				CLANG_WARN_INT_CONVERSION = YES;
				CLANG_WARN_NON_LITERAL_NULL_CONVERSION = YES;
				CLANG_WARN_OBJC_IMPLICIT_RETAIN_SELF = YES;
				CLANG_WARN_OBJC_LITERAL_CONVERSION = YES;
				CLANG_WARN_OBJC_ROOT_CLASS = YES_ERROR;
				CLANG_WARN_QUOTED_INCLUDE_IN_FRAMEWORK_HEADER = YES;
				CLANG_WARN_RANGE_LOOP_ANALYSIS = YES;
				CLANG_WARN_STRICT_PROTOTYPES = YES;
				CLANG_WARN_SUSPICIOUS_MOVE = YES;
				CLANG_WARN_UNGUARDED_AVAILABILITY = YES_AGGRESSIVE;
				CLANG_WARN_UNREACHABLE_CODE = YES;
				CLANG_WARN__DUPLICATE_METHOD_MATCH = YES;
				COPY_PHASE_STRIP = NO;
				DEBUG_INFORMATION_FORMAT = "dwarf-with-dsym";
				ENABLE_NS_ASSERTIONS = NO;
				ENABLE_STRICT_OBJC_MSGSEND = YES;
				ENABLE_USER_SCRIPT_SANDBOXING = YES;
				GCC_C_LANGUAGE_STANDARD = gnu17;
				GCC_NO_COMMON_BLOCKS = YES;
				GCC_WARN_64_TO_32_BIT_CONVERSION = YES;
				GCC_WARN_ABOUT_RETURN_TYPE = YES_ERROR;
				GCC_WARN_UNDECLARED_SELECTOR = YES;
				GCC_WARN_UNINITIALIZED_AUTOS = YES_AGGRESSIVE;
				GCC_WARN_UNUSED_FUNCTION = YES;
				GCC_WARN_UNUSED_VARIABLE = YES;
				IPHONEOS_DEPLOYMENT_TARGET = 18.0;
				LOCALIZATION_PREFERS_STRING_CATALOGS = YES;
				MTL_ENABLE_DEBUG_INFO = NO;
				MTL_FAST_MATH = YES;
				SDKROOT = iphoneos;
				SWIFT_COMPILATION_MODE = wholemodule;
				VALIDATE_PRODUCT = YES;
			};
			name = Release;
		};
		97BF11442E5A3246005FBA95 /* Debug */ = {
			isa = XCBuildConfiguration;
			buildSettings = {
				ASSETCATALOG_COMPILER_APPICON_NAME = AppIcon;
				ASSETCATALOG_COMPILER_GLOBAL_ACCENT_COLOR_NAME = AccentColor;
				"CODE_SIGN_IDENTITY[sdk=iphoneos*]" = "iPhone Distribution";
				CODE_SIGN_STYLE = Manual;
				CURRENT_PROJECT_VERSION = 1;
				DEVELOPMENT_ASSET_PATHS = "\"FitNutCoach/Resources/Preview Content\"";
				DEVELOPMENT_TEAM = "";
				"DEVELOPMENT_TEAM[sdk=iphoneos*]" = 2M6M6BW775;
				ENABLE_PREVIEWS = YES;
				ENABLE_USER_SCRIPT_SANDBOXING = NO;
				GENERATE_INFOPLIST_FILE = YES;
				INFOPLIST_FILE = FitNutCoach/Info.plist;
				INFOPLIST_KEY_NSCameraUsageDescription = "This app needs camera to detect barcode, images to log meal";
				INFOPLIST_KEY_UIApplicationSceneManifest_Generation = YES;
				INFOPLIST_KEY_UIApplicationSupportsIndirectInputEvents = YES;
				INFOPLIST_KEY_UILaunchScreen_Generation = YES;
				INFOPLIST_KEY_UISupportedInterfaceOrientations_iPad = "UIInterfaceOrientationPortrait UIInterfaceOrientationPortraitUpsideDown UIInterfaceOrientationLandscapeLeft UIInterfaceOrientationLandscapeRight";
				INFOPLIST_KEY_UISupportedInterfaceOrientations_iPhone = "UIInterfaceOrientationPortrait UIInterfaceOrientationLandscapeLeft UIInterfaceOrientationLandscapeRight";
				INFOPLIST_KEY_UIUserInterfaceStyle = Light;
				LD_RUNPATH_SEARCH_PATHS = (
					"$(inherited)",
					"@executable_path/Frameworks",
				);
				MARKETING_VERSION = 1.0;
				PRODUCT_BUNDLE_IDENTIFIER = a.export.FitNutCoach;
				PRODUCT_NAME = "$(TARGET_NAME)";
				PROVISIONING_PROFILE_SPECIFIER = "";
				"PROVISIONING_PROFILE_SPECIFIER[sdk=iphoneos*]" = a;
				SWIFT_EMIT_LOC_STRINGS = YES;
				SWIFT_VERSION = 5.0;
				TARGETED_DEVICE_FAMILY = "1,2";
			};
			name = Debug;
		};
		97BF11452E5A3246005FBA95 /* Release */ = {
			isa = XCBuildConfiguration;
			buildSettings = {
				ASSETCATALOG_COMPILER_APPICON_NAME = AppIcon;
				ASSETCATALOG_COMPILER_GLOBAL_ACCENT_COLOR_NAME = AccentColor;
				"CODE_SIGN_IDENTITY[sdk=iphoneos*]" = "iPhone Distribution";
				CODE_SIGN_STYLE = Manual;
				CURRENT_PROJECT_VERSION = 1;
				DEVELOPMENT_ASSET_PATHS = "\"FitNutCoach/Resources/Preview Content\"";
				DEVELOPMENT_TEAM = "";
				"DEVELOPMENT_TEAM[sdk=iphoneos*]" = 2M6M6BW775;
				ENABLE_PREVIEWS = YES;
				ENABLE_USER_SCRIPT_SANDBOXING = NO;
				GENERATE_INFOPLIST_FILE = YES;
				INFOPLIST_FILE = FitNutCoach/Info.plist;
				INFOPLIST_KEY_NSCameraUsageDescription = "This app needs camera to detect barcode, images to log meal";
				INFOPLIST_KEY_UIApplicationSceneManifest_Generation = YES;
				INFOPLIST_KEY_UIApplicationSupportsIndirectInputEvents = YES;
				INFOPLIST_KEY_UILaunchScreen_Generation = YES;
				INFOPLIST_KEY_UISupportedInterfaceOrientations_iPad = "UIInterfaceOrientationPortrait UIInterfaceOrientationPortraitUpsideDown UIInterfaceOrientationLandscapeLeft UIInterfaceOrientationLandscapeRight";
				INFOPLIST_KEY_UISupportedInterfaceOrientations_iPhone = "UIInterfaceOrientationPortrait UIInterfaceOrientationLandscapeLeft UIInterfaceOrientationLandscapeRight";
				INFOPLIST_KEY_UIUserInterfaceStyle = Light;
				LD_RUNPATH_SEARCH_PATHS = (
					"$(inherited)",
					"@executable_path/Frameworks",
				);
				MARKETING_VERSION = 1.0;
				PRODUCT_BUNDLE_IDENTIFIER = a.export.FitNutCoach;
				PRODUCT_NAME = "$(TARGET_NAME)";
				PROVISIONING_PROFILE_SPECIFIER = "";
				"PROVISIONING_PROFILE_SPECIFIER[sdk=iphoneos*]" = a;
				SWIFT_EMIT_LOC_STRINGS = YES;
				SWIFT_VERSION = 5.0;
				TARGETED_DEVICE_FAMILY = "1,2";
			};
			name = Release;
		};
		97BF11472E5A3246005FBA95 /* Debug */ = {
			isa = XCBuildConfiguration;
			buildSettings = {
				BUNDLE_LOADER = "$(TEST_HOST)";
				CODE_SIGN_STYLE = Automatic;
				CURRENT_PROJECT_VERSION = 1;
				GENERATE_INFOPLIST_FILE = YES;
				IPHONEOS_DEPLOYMENT_TARGET = 18.0;
				MARKETING_VERSION = 1.0;
				PRODUCT_BUNDLE_IDENTIFIER = com.anupam.FitNutCoachTests;
				PRODUCT_NAME = "$(TARGET_NAME)";
				SWIFT_EMIT_LOC_STRINGS = NO;
				SWIFT_VERSION = 5.0;
				TARGETED_DEVICE_FAMILY = "1,2";
				TEST_HOST = "$(BUILT_PRODUCTS_DIR)/FitNutCoach.app/$(BUNDLE_EXECUTABLE_FOLDER_PATH)/FitNutCoach";
			};
			name = Debug;
		};
		97BF11482E5A3246005FBA95 /* Release */ = {
			isa = XCBuildConfiguration;
			buildSettings = {
				BUNDLE_LOADER = "$(TEST_HOST)";
				CODE_SIGN_STYLE = Automatic;
				CURRENT_PROJECT_VERSION = 1;
				GENERATE_INFOPLIST_FILE = YES;
				IPHONEOS_DEPLOYMENT_TARGET = 18.0;
				MARKETING_VERSION = 1.0;
				PRODUCT_BUNDLE_IDENTIFIER = com.anupam.FitNutCoachTests;
				PRODUCT_NAME = "$(TARGET_NAME)";
				SWIFT_EMIT_LOC_STRINGS = NO;
				SWIFT_VERSION = 5.0;
				TARGETED_DEVICE_FAMILY = "1,2";
				TEST_HOST = "$(BUILT_PRODUCTS_DIR)/FitNutCoach.app/$(BUNDLE_EXECUTABLE_FOLDER_PATH)/FitNutCoach";
			};
			name = Release;
		};
		97BF114A2E5A3246005FBA95 /* Debug */ = {
			isa = XCBuildConfiguration;
			buildSettings = {
				CODE_SIGN_STYLE = Automatic;
				CURRENT_PROJECT_VERSION = 1;
				GENERATE_INFOPLIST_FILE = YES;
				MARKETING_VERSION = 1.0;
				PRODUCT_BUNDLE_IDENTIFIER = com.anupam.FitNutCoachUITests;
				PRODUCT_NAME = "$(TARGET_NAME)";
				SWIFT_EMIT_LOC_STRINGS = NO;
				SWIFT_VERSION = 5.0;
				TARGETED_DEVICE_FAMILY = "1,2";
				TEST_TARGET_NAME = FitNutCoach;
			};
			name = Debug;
		};
		97BF114B2E5A3246005FBA95 /* Release */ = {
			isa = XCBuildConfiguration;
			buildSettings = {
				CODE_SIGN_STYLE = Automatic;
				CURRENT_PROJECT_VERSION = 1;
				GENERATE_INFOPLIST_FILE = YES;
				MARKETING_VERSION = 1.0;
				PRODUCT_BUNDLE_IDENTIFIER = com.anupam.FitNutCoachUITests;
				PRODUCT_NAME = "$(TARGET_NAME)";
				SWIFT_EMIT_LOC_STRINGS = NO;
				SWIFT_VERSION = 5.0;
				TARGETED_DEVICE_FAMILY = "1,2";
				TEST_TARGET_NAME = FitNutCoach;
			};
			name = Release;
		};
/* End XCBuildConfiguration section */

/* Begin XCConfigurationList section */
		97BF11152E5A3244005FBA95 /* Build configuration list for PBXProject "FitNutCoach" */ = {
			isa = XCConfigurationList;
			buildConfigurations = (
				97BF11412E5A3246005FBA95 /* Debug */,
				97BF11422E5A3246005FBA95 /* Release */,
			);
			defaultConfigurationIsVisible = 0;
			defaultConfigurationName = Release;
		};
		97BF11432E5A3246005FBA95 /* Build configuration list for PBXNativeTarget "FitNutCoach" */ = {
			isa = XCConfigurationList;
			buildConfigurations = (
				97BF11442E5A3246005FBA95 /* Debug */,
				97BF11452E5A3246005FBA95 /* Release */,
			);
			defaultConfigurationIsVisible = 0;
			defaultConfigurationName = Release;
		};
		97BF11462E5A3246005FBA95 /* Build configuration list for PBXNativeTarget "FitNutCoachTests" */ = {
			isa = XCConfigurationList;
			buildConfigurations = (
				97BF11472E5A3246005FBA95 /* Debug */,
				97BF11482E5A3246005FBA95 /* Release */,
			);
			defaultConfigurationIsVisible = 0;
			defaultConfigurationName = Release;
		};
		97BF11492E5A3246005FBA95 /* Build configuration list for PBXNativeTarget "FitNutCoachUITests" */ = {
			isa = XCConfigurationList;
			buildConfigurations = (
				97BF114A2E5A3246005FBA95 /* Debug */,
				97BF114B2E5A3246005FBA95 /* Release */,
			);
			defaultConfigurationIsVisible = 0;
			defaultConfigurationName = Release;
		};
/* End XCConfigurationList section */

/* Begin XCRemoteSwiftPackageReference section */
		9761745E2E73013900A7C676 /* XCRemoteSwiftPackageReference "firebase-ios-sdk" */ = {
			isa = XCRemoteSwiftPackageReference;
			repositoryURL = "https://github.com/firebase/firebase-ios-sdk";
			requirement = {
				kind = upToNextMajorVersion;
				minimumVersion = 12.2.0;
			};
		};
		976174672E73014E00A7C676 /* XCRemoteSwiftPackageReference "GoogleSignIn-iOS" */ = {
			isa = XCRemoteSwiftPackageReference;
			repositoryURL = "https://github.com/google/GoogleSignIn-iOS";
			requirement = {
				kind = upToNextMajorVersion;
				minimumVersion = 9.0.0;
			};
		};
/* End XCRemoteSwiftPackageReference section */

/* Begin XCSwiftPackageProductDependency section */
		9705CAC42E7DD4CE00AE7F79 /* FirebaseAI */ = {
			isa = XCSwiftPackageProductDependency;
			package = 9761745E2E73013900A7C676 /* XCRemoteSwiftPackageReference "firebase-ios-sdk" */;
			productName = FirebaseAI;
		};
		9705CAC62E7DD4DB00AE7F79 /* FirebaseMLModelDownloader */ = {
			isa = XCSwiftPackageProductDependency;
			package = 9761745E2E73013900A7C676 /* XCRemoteSwiftPackageReference "firebase-ios-sdk" */;
			productName = FirebaseMLModelDownloader;
		};
		9761745F2E73013900A7C676 /* FirebaseAuth */ = {
			isa = XCSwiftPackageProductDependency;
			package = 9761745E2E73013900A7C676 /* XCRemoteSwiftPackageReference "firebase-ios-sdk" */;
			productName = FirebaseAuth;
		};
		976174612E73013900A7C676 /* FirebaseCore */ = {
			isa = XCSwiftPackageProductDependency;
			package = 9761745E2E73013900A7C676 /* XCRemoteSwiftPackageReference "firebase-ios-sdk" */;
			productName = FirebaseCore;
		};
		976174632E73013900A7C676 /* FirebaseDatabase */ = {
			isa = XCSwiftPackageProductDependency;
			package = 9761745E2E73013900A7C676 /* XCRemoteSwiftPackageReference "firebase-ios-sdk" */;
			productName = FirebaseDatabase;
		};
		976174652E73013900A7C676 /* FirebaseFirestore */ = {
			isa = XCSwiftPackageProductDependency;
			package = 9761745E2E73013900A7C676 /* XCRemoteSwiftPackageReference "firebase-ios-sdk" */;
			productName = FirebaseFirestore;
		};
		976174682E73014E00A7C676 /* GoogleSignIn */ = {
			isa = XCSwiftPackageProductDependency;
			package = 976174672E73014E00A7C676 /* XCRemoteSwiftPackageReference "GoogleSignIn-iOS" */;
			productName = GoogleSignIn;
		};
/* End XCSwiftPackageProductDependency section */

/* Begin XCVersionGroup section */
		97BF11502E5A33BF005FBA95 /* FitNutCoach.xcdatamodeld */ = {
			isa = XCVersionGroup;
			children = (
				97BF11542E5A33BF005FBA95 /* FitNutCoach.xcdatamodel */,
			);
			currentVersion = 97BF11542E5A33BF005FBA95 /* FitNutCoach.xcdatamodel */;
			path = FitNutCoach.xcdatamodeld;
			sourceTree = "<group>";
			versionGroupType = wrapper.xcdatamodel;
		};
/* End XCVersionGroup section */
	};
	rootObject = 97BF11122E5A3244005FBA95 /* Project object */;
}
